
Microsoft Visual Studio Solution File, Format Version 12.00
# Visual Studio 2013
VisualStudioVersion = 12.0.30501.0
MinimumVisualStudioVersion = 10.0.40219.1
Project("{2150E333-8FDC-42A3-9474-1A3956D46DE8}") = "Client", "Client", "{282A96FC-EFE1-4121-8F46-BF39C13947DF}"
EndProject
Project("{FAE04EC0-301F-11D3-BF4B-00C04F79EFBC}") = "Sagua.App.Core", "Sagua.App.Core\Sagua.App.Core.csproj", "{121F8441-7D24-4DC7-A1E0-9D430B37B390}"
EndProject
Project("{2150E333-8FDC-42A3-9474-1A3956D46DE8}") = "Controls", "Controls", "{CA7DE571-2E10-4E92-9358-9905EFE4A321}"
EndProject
Project("{FAE04EC0-301F-11D3-BF4B-00C04F79EFBC}") = "Sagua.App.Controls", "Sagua.App.Controls\Sagua.App.Controls.csproj", "{2775FD4C-2B21-4B8E-BEAC-DBE0BB31517E}"
EndProject
Project("{2150E333-8FDC-42A3-9474-1A3956D46DE8}") = "Libs", "Libs", "{7F6EF1DD-20C2-4746-9B3A-7563C68A1A12}"
EndProject
Project("{FAE04EC0-301F-11D3-BF4B-00C04F79EFBC}") = "Sagua.App.Components", "Sagua.App.Components\Sagua.App.Components.csproj", "{6C8CE10C-42D4-4572-A67E-74407A8A69D9}"
EndProject
Project("{FAE04EC0-301F-11D3-BF4B-00C04F79EFBC}") = "Sagua.App.Common", "Sagua.App.Common\Sagua.App.Common.csproj", "{577A0E0D-6ED8-46BC-AD63-6C213877CA71}"
EndProject
Project("{2150E333-8FDC-42A3-9474-1A3956D46DE8}") = "Global", "Global", "{761B9ED8-405D-4CF7-8094-C9985102416D}"
EndProject
Project("{FAE04EC0-301F-11D3-BF4B-00C04F79EFBC}") = "Sagua.Global.Common", "Sagua.Global.Common\Sagua.Global.Common.csproj", "{75F85348-7583-432F-ACF5-889CD2A9A856}"
EndProject
Project("{FAE04EC0-301F-11D3-BF4B-00C04F79EFBC}") = "Sagua.Global.Domain", "Sagua.Global.Domain\Sagua.Global.Domain.csproj", "{386A2F55-9B27-4E06-8234-38A4EFDC8FB7}"
EndProject
Project("{FAE04EC0-301F-11D3-BF4B-00C04F79EFBC}") = "Sagua.Global.Models", "Sagua.Global.Models\Sagua.Global.Models.csproj", "{30FE5F7A-88C8-4435-A30B-9E1B5AAC1D2D}"
EndProject
Project("{2150E333-8FDC-42A3-9474-1A3956D46DE8}") = "Server", "Server", "{44EBD2BC-663B-453C-9744-F327A97AC884}"
EndProject
Project("{FAE04EC0-301F-11D3-BF4B-00C04F79EFBC}") = "Sagua.Server.DB.Context", "Sagua.Server.DB.Context\Sagua.Server.DB.Context.csproj", "{FB36C288-1C4A-4AD8-8F91-EE48F281517C}"
EndProject
Project("{FAE04EC0-301F-11D3-BF4B-00C04F79EFBC}") = "Sagua.Server.DB.Models", "Sagua.Server.DB.Models\Sagua.Server.DB.Models.csproj", "{CAC3FD80-4CB2-4C2E-B34B-9858376F59C1}"
EndProject
Project("{FAE04EC0-301F-11D3-BF4B-00C04F79EFBC}") = "Sagua.Server.WebControllers", "Sagua.Server.WebControllers\Sagua.Server.WebControllers.csproj", "{0E384396-55E0-497C-A8FF-2205A68536B8}"
EndProject
Project("{FAE04EC0-301F-11D3-BF4B-00C04F79EFBC}") = "Sagua.Server.WebServer", "Sagua.Server.WebServer\Sagua.Server.WebServer.csproj", "{9D44A808-19BC-4AA0-B832-A937B8E8607E}"
EndProject
Project("{FAE04EC0-301F-11D3-BF4B-00C04F79EFBC}") = "Sagua.App.WinPhone", "Sagua.App.WinPhone\Sagua.App.WinPhone.csproj", "{5DF25212-A1F0-4E92-888E-59D3784969FA}"
EndProject
Project("{D954291E-2A0B-460D-934E-DC6B0785DB48}") = "Sagua.App.Controls.WinPhone", "Sagua.App.Controls.WinPhone\Sagua.App.Controls.WinPhone.shproj", "{EE68234A-1FCB-431F-B0FA-3038432B2F18}"
EndProject
Project("{D954291E-2A0B-460D-934E-DC6B0785DB48}") = "Sagua.App.Components.WinPhone", "Sagua.App.Components.WinPhone\Sagua.App.Components.WinPhone.shproj", "{3D6D798A-E3A1-4239-9C3D-18B38936875B}"
EndProject
Project("{2150E333-8FDC-42A3-9474-1A3956D46DE8}") = "Common", "Common", "{323B201B-0667-4971-869F-01F457C4E144}"
EndProject
Global
	GlobalSection(SharedMSBuildProjectFiles) = preSolution
		Sagua.App.Components.WinPhone\Sagua.App.Components.WinPhone.projitems*{5df25212-a1f0-4e92-888e-59d3784969fa}*SharedItemsImports = 4
		Sagua.App.Controls.WinPhone\Sagua.App.Controls.WinPhone.projitems*{5df25212-a1f0-4e92-888e-59d3784969fa}*SharedItemsImports = 4
		Sagua.App.Controls.WinPhone\Sagua.App.Controls.WinPhone.projitems*{ee68234a-1fcb-431f-b0fa-3038432b2f18}*SharedItemsImports = 13
		Sagua.App.Components.WinPhone\Sagua.App.Components.WinPhone.projitems*{3d6d798a-e3a1-4239-9c3d-18b38936875b}*SharedItemsImports = 13
	EndGlobalSection
	GlobalSection(SolutionConfigurationPlatforms) = preSolution
		Ad-Hoc|Any CPU = Ad-Hoc|Any CPU
		Ad-Hoc|ARM = Ad-Hoc|ARM
		Ad-Hoc|iPhone = Ad-Hoc|iPhone
		Ad-Hoc|iPhoneSimulator = Ad-Hoc|iPhoneSimulator
		Ad-Hoc|x86 = Ad-Hoc|x86
		AppStore|Any CPU = AppStore|Any CPU
		AppStore|ARM = AppStore|ARM
		AppStore|iPhone = AppStore|iPhone
		AppStore|iPhoneSimulator = AppStore|iPhoneSimulator
		AppStore|x86 = AppStore|x86
		Debug|Any CPU = Debug|Any CPU
		Debug|ARM = Debug|ARM
		Debug|iPhone = Debug|iPhone
		Debug|iPhoneSimulator = Debug|iPhoneSimulator
		Debug|x86 = Debug|x86
		Release|Any CPU = Release|Any CPU
		Release|ARM = Release|ARM
		Release|iPhone = Release|iPhone
		Release|iPhoneSimulator = Release|iPhoneSimulator
		Release|x86 = Release|x86
	EndGlobalSection
	GlobalSection(ProjectConfigurationPlatforms) = postSolution
		{121F8441-7D24-4DC7-A1E0-9D430B37B390}.Ad-Hoc|Any CPU.ActiveCfg = Release|Any CPU
		{121F8441-7D24-4DC7-A1E0-9D430B37B390}.Ad-Hoc|Any CPU.Build.0 = Release|Any CPU
		{121F8441-7D24-4DC7-A1E0-9D430B37B390}.Ad-Hoc|ARM.ActiveCfg = Debug|Any CPU
		{121F8441-7D24-4DC7-A1E0-9D430B37B390}.Ad-Hoc|iPhone.ActiveCfg = Debug|Any CPU
		{121F8441-7D24-4DC7-A1E0-9D430B37B390}.Ad-Hoc|iPhone.Build.0 = Debug|Any CPU
		{121F8441-7D24-4DC7-A1E0-9D430B37B390}.Ad-Hoc|iPhoneSimulator.ActiveCfg = Release|Any CPU
		{121F8441-7D24-4DC7-A1E0-9D430B37B390}.Ad-Hoc|x86.ActiveCfg = Debug|Any CPU
		{121F8441-7D24-4DC7-A1E0-9D430B37B390}.AppStore|Any CPU.ActiveCfg = Release|Any CPU
		{121F8441-7D24-4DC7-A1E0-9D430B37B390}.AppStore|Any CPU.Build.0 = Release|Any CPU
		{121F8441-7D24-4DC7-A1E0-9D430B37B390}.AppStore|ARM.ActiveCfg = Debug|Any CPU
		{121F8441-7D24-4DC7-A1E0-9D430B37B390}.AppStore|iPhone.ActiveCfg = Debug|Any CPU
		{121F8441-7D24-4DC7-A1E0-9D430B37B390}.AppStore|iPhone.Build.0 = Debug|Any CPU
		{121F8441-7D24-4DC7-A1E0-9D430B37B390}.AppStore|iPhoneSimulator.ActiveCfg = Release|Any CPU
		{121F8441-7D24-4DC7-A1E0-9D430B37B390}.AppStore|x86.ActiveCfg = Debug|Any CPU
		{121F8441-7D24-4DC7-A1E0-9D430B37B390}.Debug|Any CPU.ActiveCfg = Debug|Any CPU
		{121F8441-7D24-4DC7-A1E0-9D430B37B390}.Debug|Any CPU.Build.0 = Debug|Any CPU
		{121F8441-7D24-4DC7-A1E0-9D430B37B390}.Debug|ARM.ActiveCfg = Debug|Any CPU
		{121F8441-7D24-4DC7-A1E0-9D430B37B390}.Debug|iPhone.ActiveCfg = Debug|Any CPU
		{121F8441-7D24-4DC7-A1E0-9D430B37B390}.Debug|iPhone.Build.0 = Debug|Any CPU
		{121F8441-7D24-4DC7-A1E0-9D430B37B390}.Debug|iPhoneSimulator.ActiveCfg = Debug|Any CPU
		{121F8441-7D24-4DC7-A1E0-9D430B37B390}.Debug|iPhoneSimulator.Build.0 = Debug|Any CPU
		{121F8441-7D24-4DC7-A1E0-9D430B37B390}.Debug|x86.ActiveCfg = Debug|Any CPU
		{121F8441-7D24-4DC7-A1E0-9D430B37B390}.Release|Any CPU.ActiveCfg = Release|Any CPU
		{121F8441-7D24-4DC7-A1E0-9D430B37B390}.Release|Any CPU.Build.0 = Release|Any CPU
		{121F8441-7D24-4DC7-A1E0-9D430B37B390}.Release|ARM.ActiveCfg = Release|Any CPU
		{121F8441-7D24-4DC7-A1E0-9D430B37B390}.Release|iPhone.ActiveCfg = Release|Any CPU
		{121F8441-7D24-4DC7-A1E0-9D430B37B390}.Release|iPhone.Build.0 = Release|Any CPU
		{121F8441-7D24-4DC7-A1E0-9D430B37B390}.Release|iPhoneSimulator.ActiveCfg = Release|Any CPU
		{121F8441-7D24-4DC7-A1E0-9D430B37B390}.Release|iPhoneSimulator.Build.0 = Release|Any CPU
		{121F8441-7D24-4DC7-A1E0-9D430B37B390}.Release|x86.ActiveCfg = Release|Any CPU
		{2775FD4C-2B21-4B8E-BEAC-DBE0BB31517E}.Ad-Hoc|Any CPU.ActiveCfg = Debug|Any CPU
		{2775FD4C-2B21-4B8E-BEAC-DBE0BB31517E}.Ad-Hoc|Any CPU.Build.0 = Debug|Any CPU
		{2775FD4C-2B21-4B8E-BEAC-DBE0BB31517E}.Ad-Hoc|ARM.ActiveCfg = Release|Any CPU
		{2775FD4C-2B21-4B8E-BEAC-DBE0BB31517E}.Ad-Hoc|iPhone.ActiveCfg = Release|Any CPU
		{2775FD4C-2B21-4B8E-BEAC-DBE0BB31517E}.Ad-Hoc|iPhone.Build.0 = Release|Any CPU
		{2775FD4C-2B21-4B8E-BEAC-DBE0BB31517E}.Ad-Hoc|iPhoneSimulator.ActiveCfg = Debug|Any CPU
		{2775FD4C-2B21-4B8E-BEAC-DBE0BB31517E}.Ad-Hoc|x86.ActiveCfg = Release|Any CPU
		{2775FD4C-2B21-4B8E-BEAC-DBE0BB31517E}.AppStore|Any CPU.ActiveCfg = Debug|Any CPU
		{2775FD4C-2B21-4B8E-BEAC-DBE0BB31517E}.AppStore|Any CPU.Build.0 = Debug|Any CPU
		{2775FD4C-2B21-4B8E-BEAC-DBE0BB31517E}.AppStore|ARM.ActiveCfg = Release|Any CPU
		{2775FD4C-2B21-4B8E-BEAC-DBE0BB31517E}.AppStore|iPhone.ActiveCfg = Release|Any CPU
		{2775FD4C-2B21-4B8E-BEAC-DBE0BB31517E}.AppStore|iPhone.Build.0 = Release|Any CPU
		{2775FD4C-2B21-4B8E-BEAC-DBE0BB31517E}.AppStore|iPhoneSimulator.ActiveCfg = Debug|Any CPU
		{2775FD4C-2B21-4B8E-BEAC-DBE0BB31517E}.AppStore|x86.ActiveCfg = Release|Any CPU
		{2775FD4C-2B21-4B8E-BEAC-DBE0BB31517E}.Debug|Any CPU.ActiveCfg = Debug|Any CPU
		{2775FD4C-2B21-4B8E-BEAC-DBE0BB31517E}.Debug|Any CPU.Build.0 = Debug|Any CPU
		{2775FD4C-2B21-4B8E-BEAC-DBE0BB31517E}.Debug|ARM.ActiveCfg = Debug|Any CPU
		{2775FD4C-2B21-4B8E-BEAC-DBE0BB31517E}.Debug|iPhone.ActiveCfg = Debug|Any CPU
		{2775FD4C-2B21-4B8E-BEAC-DBE0BB31517E}.Debug|iPhone.Build.0 = Debug|Any CPU
		{2775FD4C-2B21-4B8E-BEAC-DBE0BB31517E}.Debug|iPhoneSimulator.ActiveCfg = Debug|Any CPU
		{2775FD4C-2B21-4B8E-BEAC-DBE0BB31517E}.Debug|iPhoneSimulator.Build.0 = Debug|Any CPU
		{2775FD4C-2B21-4B8E-BEAC-DBE0BB31517E}.Debug|x86.ActiveCfg = Debug|Any CPU
		{2775FD4C-2B21-4B8E-BEAC-DBE0BB31517E}.Release|Any CPU.ActiveCfg = Release|Any CPU
		{2775FD4C-2B21-4B8E-BEAC-DBE0BB31517E}.Release|Any CPU.Build.0 = Release|Any CPU
		{2775FD4C-2B21-4B8E-BEAC-DBE0BB31517E}.Release|ARM.ActiveCfg = Release|Any CPU
		{2775FD4C-2B21-4B8E-BEAC-DBE0BB31517E}.Release|iPhone.ActiveCfg = Release|Any CPU
		{2775FD4C-2B21-4B8E-BEAC-DBE0BB31517E}.Release|iPhone.Build.0 = Release|Any CPU
		{2775FD4C-2B21-4B8E-BEAC-DBE0BB31517E}.Release|iPhoneSimulator.ActiveCfg = Release|Any CPU
		{2775FD4C-2B21-4B8E-BEAC-DBE0BB31517E}.Release|iPhoneSimulator.Build.0 = Release|Any CPU
		{2775FD4C-2B21-4B8E-BEAC-DBE0BB31517E}.Release|x86.ActiveCfg = Release|Any CPU
		{6C8CE10C-42D4-4572-A67E-74407A8A69D9}.Ad-Hoc|Any CPU.ActiveCfg = Debug|Any CPU
		{6C8CE10C-42D4-4572-A67E-74407A8A69D9}.Ad-Hoc|Any CPU.Build.0 = Debug|Any CPU
		{6C8CE10C-42D4-4572-A67E-74407A8A69D9}.Ad-Hoc|ARM.ActiveCfg = Release|Any CPU
		{6C8CE10C-42D4-4572-A67E-74407A8A69D9}.Ad-Hoc|iPhone.ActiveCfg = Release|Any CPU
		{6C8CE10C-42D4-4572-A67E-74407A8A69D9}.Ad-Hoc|iPhone.Build.0 = Release|Any CPU
		{6C8CE10C-42D4-4572-A67E-74407A8A69D9}.Ad-Hoc|iPhoneSimulator.ActiveCfg = Debug|Any CPU
		{6C8CE10C-42D4-4572-A67E-74407A8A69D9}.Ad-Hoc|x86.ActiveCfg = Release|Any CPU
		{6C8CE10C-42D4-4572-A67E-74407A8A69D9}.AppStore|Any CPU.ActiveCfg = Debug|Any CPU
		{6C8CE10C-42D4-4572-A67E-74407A8A69D9}.AppStore|Any CPU.Build.0 = Debug|Any CPU
		{6C8CE10C-42D4-4572-A67E-74407A8A69D9}.AppStore|ARM.ActiveCfg = Release|Any CPU
		{6C8CE10C-42D4-4572-A67E-74407A8A69D9}.AppStore|iPhone.ActiveCfg = Release|Any CPU
		{6C8CE10C-42D4-4572-A67E-74407A8A69D9}.AppStore|iPhone.Build.0 = Release|Any CPU
		{6C8CE10C-42D4-4572-A67E-74407A8A69D9}.AppStore|iPhoneSimulator.ActiveCfg = Debug|Any CPU
		{6C8CE10C-42D4-4572-A67E-74407A8A69D9}.AppStore|x86.ActiveCfg = Release|Any CPU
		{6C8CE10C-42D4-4572-A67E-74407A8A69D9}.Debug|Any CPU.ActiveCfg = Debug|Any CPU
		{6C8CE10C-42D4-4572-A67E-74407A8A69D9}.Debug|Any CPU.Build.0 = Debug|Any CPU
		{6C8CE10C-42D4-4572-A67E-74407A8A69D9}.Debug|ARM.ActiveCfg = Debug|Any CPU
		{6C8CE10C-42D4-4572-A67E-74407A8A69D9}.Debug|iPhone.ActiveCfg = Debug|Any CPU
		{6C8CE10C-42D4-4572-A67E-74407A8A69D9}.Debug|iPhone.Build.0 = Debug|Any CPU
		{6C8CE10C-42D4-4572-A67E-74407A8A69D9}.Debug|iPhoneSimulator.ActiveCfg = Debug|Any CPU
		{6C8CE10C-42D4-4572-A67E-74407A8A69D9}.Debug|iPhoneSimulator.Build.0 = Debug|Any CPU
		{6C8CE10C-42D4-4572-A67E-74407A8A69D9}.Debug|x86.ActiveCfg = Debug|Any CPU
		{6C8CE10C-42D4-4572-A67E-74407A8A69D9}.Release|Any CPU.ActiveCfg = Release|Any CPU
		{6C8CE10C-42D4-4572-A67E-74407A8A69D9}.Release|Any CPU.Build.0 = Release|Any CPU
		{6C8CE10C-42D4-4572-A67E-74407A8A69D9}.Release|ARM.ActiveCfg = Release|Any CPU
		{6C8CE10C-42D4-4572-A67E-74407A8A69D9}.Release|iPhone.ActiveCfg = Release|Any CPU
		{6C8CE10C-42D4-4572-A67E-74407A8A69D9}.Release|iPhone.Build.0 = Release|Any CPU
		{6C8CE10C-42D4-4572-A67E-74407A8A69D9}.Release|iPhoneSimulator.ActiveCfg = Release|Any CPU
		{6C8CE10C-42D4-4572-A67E-74407A8A69D9}.Release|iPhoneSimulator.Build.0 = Release|Any CPU
		{6C8CE10C-42D4-4572-A67E-74407A8A69D9}.Release|x86.ActiveCfg = Release|Any CPU
		{577A0E0D-6ED8-46BC-AD63-6C213877CA71}.Ad-Hoc|Any CPU.ActiveCfg = Debug|Any CPU
		{577A0E0D-6ED8-46BC-AD63-6C213877CA71}.Ad-Hoc|Any CPU.Build.0 = Debug|Any CPU
		{577A0E0D-6ED8-46BC-AD63-6C213877CA71}.Ad-Hoc|ARM.ActiveCfg = Release|Any CPU
		{577A0E0D-6ED8-46BC-AD63-6C213877CA71}.Ad-Hoc|iPhone.ActiveCfg = Release|Any CPU
		{577A0E0D-6ED8-46BC-AD63-6C213877CA71}.Ad-Hoc|iPhone.Build.0 = Release|Any CPU
		{577A0E0D-6ED8-46BC-AD63-6C213877CA71}.Ad-Hoc|iPhoneSimulator.ActiveCfg = Debug|Any CPU
		{577A0E0D-6ED8-46BC-AD63-6C213877CA71}.Ad-Hoc|x86.ActiveCfg = Release|Any CPU
		{577A0E0D-6ED8-46BC-AD63-6C213877CA71}.AppStore|Any CPU.ActiveCfg = Debug|Any CPU
		{577A0E0D-6ED8-46BC-AD63-6C213877CA71}.AppStore|Any CPU.Build.0 = Debug|Any CPU
		{577A0E0D-6ED8-46BC-AD63-6C213877CA71}.AppStore|ARM.ActiveCfg = Release|Any CPU
		{577A0E0D-6ED8-46BC-AD63-6C213877CA71}.AppStore|iPhone.ActiveCfg = Release|Any CPU
		{577A0E0D-6ED8-46BC-AD63-6C213877CA71}.AppStore|iPhone.Build.0 = Release|Any CPU
		{577A0E0D-6ED8-46BC-AD63-6C213877CA71}.AppStore|iPhoneSimulator.ActiveCfg = Debug|Any CPU
		{577A0E0D-6ED8-46BC-AD63-6C213877CA71}.AppStore|x86.ActiveCfg = Release|Any CPU
		{577A0E0D-6ED8-46BC-AD63-6C213877CA71}.Debug|Any CPU.ActiveCfg = Debug|Any CPU
		{577A0E0D-6ED8-46BC-AD63-6C213877CA71}.Debug|Any CPU.Build.0 = Debug|Any CPU
		{577A0E0D-6ED8-46BC-AD63-6C213877CA71}.Debug|ARM.ActiveCfg = Debug|Any CPU
		{577A0E0D-6ED8-46BC-AD63-6C213877CA71}.Debug|iPhone.ActiveCfg = Debug|Any CPU
		{577A0E0D-6ED8-46BC-AD63-6C213877CA71}.Debug|iPhone.Build.0 = Debug|Any CPU
		{577A0E0D-6ED8-46BC-AD63-6C213877CA71}.Debug|iPhoneSimulator.ActiveCfg = Debug|Any CPU
		{577A0E0D-6ED8-46BC-AD63-6C213877CA71}.Debug|iPhoneSimulator.Build.0 = Debug|Any CPU
		{577A0E0D-6ED8-46BC-AD63-6C213877CA71}.Debug|x86.ActiveCfg = Debug|Any CPU
		{577A0E0D-6ED8-46BC-AD63-6C213877CA71}.Release|Any CPU.ActiveCfg = Release|Any CPU
		{577A0E0D-6ED8-46BC-AD63-6C213877CA71}.Release|Any CPU.Build.0 = Release|Any CPU
		{577A0E0D-6ED8-46BC-AD63-6C213877CA71}.Release|ARM.ActiveCfg = Release|Any CPU
		{577A0E0D-6ED8-46BC-AD63-6C213877CA71}.Release|iPhone.ActiveCfg = Release|Any CPU
		{577A0E0D-6ED8-46BC-AD63-6C213877CA71}.Release|iPhone.Build.0 = Release|Any CPU
		{577A0E0D-6ED8-46BC-AD63-6C213877CA71}.Release|iPhoneSimulator.ActiveCfg = Release|Any CPU
		{577A0E0D-6ED8-46BC-AD63-6C213877CA71}.Release|iPhoneSimulator.Build.0 = Release|Any CPU
		{577A0E0D-6ED8-46BC-AD63-6C213877CA71}.Release|x86.ActiveCfg = Release|Any CPU
		{75F85348-7583-432F-ACF5-889CD2A9A856}.Ad-Hoc|Any CPU.ActiveCfg = Debug|Any CPU
		{75F85348-7583-432F-ACF5-889CD2A9A856}.Ad-Hoc|Any CPU.Build.0 = Debug|Any CPU
		{75F85348-7583-432F-ACF5-889CD2A9A856}.Ad-Hoc|ARM.ActiveCfg = Release|Any CPU
		{75F85348-7583-432F-ACF5-889CD2A9A856}.Ad-Hoc|iPhone.ActiveCfg = Release|Any CPU
		{75F85348-7583-432F-ACF5-889CD2A9A856}.Ad-Hoc|iPhone.Build.0 = Release|Any CPU
		{75F85348-7583-432F-ACF5-889CD2A9A856}.Ad-Hoc|iPhoneSimulator.ActiveCfg = Debug|Any CPU
		{75F85348-7583-432F-ACF5-889CD2A9A856}.Ad-Hoc|x86.ActiveCfg = Release|Any CPU
		{75F85348-7583-432F-ACF5-889CD2A9A856}.AppStore|Any CPU.ActiveCfg = Debug|Any CPU
		{75F85348-7583-432F-ACF5-889CD2A9A856}.AppStore|Any CPU.Build.0 = Debug|Any CPU
		{75F85348-7583-432F-ACF5-889CD2A9A856}.AppStore|ARM.ActiveCfg = Release|Any CPU
		{75F85348-7583-432F-ACF5-889CD2A9A856}.AppStore|iPhone.ActiveCfg = Release|Any CPU
		{75F85348-7583-432F-ACF5-889CD2A9A856}.AppStore|iPhone.Build.0 = Release|Any CPU
		{75F85348-7583-432F-ACF5-889CD2A9A856}.AppStore|iPhoneSimulator.ActiveCfg = Debug|Any CPU
		{75F85348-7583-432F-ACF5-889CD2A9A856}.AppStore|x86.ActiveCfg = Release|Any CPU
		{75F85348-7583-432F-ACF5-889CD2A9A856}.Debug|Any CPU.ActiveCfg = Debug|Any CPU
		{75F85348-7583-432F-ACF5-889CD2A9A856}.Debug|Any CPU.Build.0 = Debug|Any CPU
		{75F85348-7583-432F-ACF5-889CD2A9A856}.Debug|ARM.ActiveCfg = Debug|Any CPU
		{75F85348-7583-432F-ACF5-889CD2A9A856}.Debug|iPhone.ActiveCfg = Debug|Any CPU
		{75F85348-7583-432F-ACF5-889CD2A9A856}.Debug|iPhone.Build.0 = Debug|Any CPU
		{75F85348-7583-432F-ACF5-889CD2A9A856}.Debug|iPhoneSimulator.ActiveCfg = Debug|Any CPU
		{75F85348-7583-432F-ACF5-889CD2A9A856}.Debug|iPhoneSimulator.Build.0 = Debug|Any CPU
		{75F85348-7583-432F-ACF5-889CD2A9A856}.Debug|x86.ActiveCfg = Debug|Any CPU
		{75F85348-7583-432F-ACF5-889CD2A9A856}.Release|Any CPU.ActiveCfg = Release|Any CPU
		{75F85348-7583-432F-ACF5-889CD2A9A856}.Release|Any CPU.Build.0 = Release|Any CPU
		{75F85348-7583-432F-ACF5-889CD2A9A856}.Release|ARM.ActiveCfg = Release|Any CPU
		{75F85348-7583-432F-ACF5-889CD2A9A856}.Release|iPhone.ActiveCfg = Release|Any CPU
		{75F85348-7583-432F-ACF5-889CD2A9A856}.Release|iPhone.Build.0 = Release|Any CPU
		{75F85348-7583-432F-ACF5-889CD2A9A856}.Release|iPhoneSimulator.ActiveCfg = Release|Any CPU
		{75F85348-7583-432F-ACF5-889CD2A9A856}.Release|iPhoneSimulator.Build.0 = Release|Any CPU
		{75F85348-7583-432F-ACF5-889CD2A9A856}.Release|x86.ActiveCfg = Release|Any CPU
		{386A2F55-9B27-4E06-8234-38A4EFDC8FB7}.Ad-Hoc|Any CPU.ActiveCfg = Debug|Any CPU
		{386A2F55-9B27-4E06-8234-38A4EFDC8FB7}.Ad-Hoc|Any CPU.Build.0 = Debug|Any CPU
		{386A2F55-9B27-4E06-8234-38A4EFDC8FB7}.Ad-Hoc|ARM.ActiveCfg = Release|Any CPU
		{386A2F55-9B27-4E06-8234-38A4EFDC8FB7}.Ad-Hoc|iPhone.ActiveCfg = Release|Any CPU
		{386A2F55-9B27-4E06-8234-38A4EFDC8FB7}.Ad-Hoc|iPhone.Build.0 = Release|Any CPU
		{386A2F55-9B27-4E06-8234-38A4EFDC8FB7}.Ad-Hoc|iPhoneSimulator.ActiveCfg = Debug|Any CPU
		{386A2F55-9B27-4E06-8234-38A4EFDC8FB7}.Ad-Hoc|x86.ActiveCfg = Release|Any CPU
		{386A2F55-9B27-4E06-8234-38A4EFDC8FB7}.AppStore|Any CPU.ActiveCfg = Debug|Any CPU
		{386A2F55-9B27-4E06-8234-38A4EFDC8FB7}.AppStore|Any CPU.Build.0 = Debug|Any CPU
		{386A2F55-9B27-4E06-8234-38A4EFDC8FB7}.AppStore|ARM.ActiveCfg = Release|Any CPU
		{386A2F55-9B27-4E06-8234-38A4EFDC8FB7}.AppStore|iPhone.ActiveCfg = Release|Any CPU
		{386A2F55-9B27-4E06-8234-38A4EFDC8FB7}.AppStore|iPhone.Build.0 = Release|Any CPU
		{386A2F55-9B27-4E06-8234-38A4EFDC8FB7}.AppStore|iPhoneSimulator.ActiveCfg = Debug|Any CPU
		{386A2F55-9B27-4E06-8234-38A4EFDC8FB7}.AppStore|x86.ActiveCfg = Release|Any CPU
		{386A2F55-9B27-4E06-8234-38A4EFDC8FB7}.Debug|Any CPU.ActiveCfg = Debug|Any CPU
		{386A2F55-9B27-4E06-8234-38A4EFDC8FB7}.Debug|Any CPU.Build.0 = Debug|Any CPU
		{386A2F55-9B27-4E06-8234-38A4EFDC8FB7}.Debug|ARM.ActiveCfg = Debug|Any CPU
		{386A2F55-9B27-4E06-8234-38A4EFDC8FB7}.Debug|iPhone.ActiveCfg = Debug|Any CPU
		{386A2F55-9B27-4E06-8234-38A4EFDC8FB7}.Debug|iPhone.Build.0 = Debug|Any CPU
		{386A2F55-9B27-4E06-8234-38A4EFDC8FB7}.Debug|iPhoneSimulator.ActiveCfg = Debug|Any CPU
		{386A2F55-9B27-4E06-8234-38A4EFDC8FB7}.Debug|iPhoneSimulator.Build.0 = Debug|Any CPU
		{386A2F55-9B27-4E06-8234-38A4EFDC8FB7}.Debug|x86.ActiveCfg = Debug|Any CPU
		{386A2F55-9B27-4E06-8234-38A4EFDC8FB7}.Release|Any CPU.ActiveCfg = Release|Any CPU
		{386A2F55-9B27-4E06-8234-38A4EFDC8FB7}.Release|Any CPU.Build.0 = Release|Any CPU
		{386A2F55-9B27-4E06-8234-38A4EFDC8FB7}.Release|ARM.ActiveCfg = Release|Any CPU
		{386A2F55-9B27-4E06-8234-38A4EFDC8FB7}.Release|iPhone.ActiveCfg = Release|Any CPU
		{386A2F55-9B27-4E06-8234-38A4EFDC8FB7}.Release|iPhone.Build.0 = Release|Any CPU
		{386A2F55-9B27-4E06-8234-38A4EFDC8FB7}.Release|iPhoneSimulator.ActiveCfg = Release|Any CPU
		{386A2F55-9B27-4E06-8234-38A4EFDC8FB7}.Release|iPhoneSimulator.Build.0 = Release|Any CPU
		{386A2F55-9B27-4E06-8234-38A4EFDC8FB7}.Release|x86.ActiveCfg = Release|Any CPU
		{30FE5F7A-88C8-4435-A30B-9E1B5AAC1D2D}.Ad-Hoc|Any CPU.ActiveCfg = Debug|Any CPU
		{30FE5F7A-88C8-4435-A30B-9E1B5AAC1D2D}.Ad-Hoc|Any CPU.Build.0 = Debug|Any CPU
		{30FE5F7A-88C8-4435-A30B-9E1B5AAC1D2D}.Ad-Hoc|ARM.ActiveCfg = Release|Any CPU
		{30FE5F7A-88C8-4435-A30B-9E1B5AAC1D2D}.Ad-Hoc|iPhone.ActiveCfg = Release|Any CPU
		{30FE5F7A-88C8-4435-A30B-9E1B5AAC1D2D}.Ad-Hoc|iPhone.Build.0 = Release|Any CPU
		{30FE5F7A-88C8-4435-A30B-9E1B5AAC1D2D}.Ad-Hoc|iPhoneSimulator.ActiveCfg = Debug|Any CPU
		{30FE5F7A-88C8-4435-A30B-9E1B5AAC1D2D}.Ad-Hoc|x86.ActiveCfg = Release|Any CPU
		{30FE5F7A-88C8-4435-A30B-9E1B5AAC1D2D}.AppStore|Any CPU.ActiveCfg = Debug|Any CPU
		{30FE5F7A-88C8-4435-A30B-9E1B5AAC1D2D}.AppStore|Any CPU.Build.0 = Debug|Any CPU
		{30FE5F7A-88C8-4435-A30B-9E1B5AAC1D2D}.AppStore|ARM.ActiveCfg = Release|Any CPU
		{30FE5F7A-88C8-4435-A30B-9E1B5AAC1D2D}.AppStore|iPhone.ActiveCfg = Release|Any CPU
		{30FE5F7A-88C8-4435-A30B-9E1B5AAC1D2D}.AppStore|iPhone.Build.0 = Release|Any CPU
		{30FE5F7A-88C8-4435-A30B-9E1B5AAC1D2D}.AppStore|iPhoneSimulator.ActiveCfg = Debug|Any CPU
		{30FE5F7A-88C8-4435-A30B-9E1B5AAC1D2D}.AppStore|x86.ActiveCfg = Release|Any CPU
		{30FE5F7A-88C8-4435-A30B-9E1B5AAC1D2D}.Debug|Any CPU.ActiveCfg = Debug|Any CPU
		{30FE5F7A-88C8-4435-A30B-9E1B5AAC1D2D}.Debug|Any CPU.Build.0 = Debug|Any CPU
		{30FE5F7A-88C8-4435-A30B-9E1B5AAC1D2D}.Debug|ARM.ActiveCfg = Debug|Any CPU
		{30FE5F7A-88C8-4435-A30B-9E1B5AAC1D2D}.Debug|iPhone.ActiveCfg = Debug|Any CPU
		{30FE5F7A-88C8-4435-A30B-9E1B5AAC1D2D}.Debug|iPhone.Build.0 = Debug|Any CPU
		{30FE5F7A-88C8-4435-A30B-9E1B5AAC1D2D}.Debug|iPhoneSimulator.ActiveCfg = Debug|Any CPU
		{30FE5F7A-88C8-4435-A30B-9E1B5AAC1D2D}.Debug|iPhoneSimulator.Build.0 = Debug|Any CPU
		{30FE5F7A-88C8-4435-A30B-9E1B5AAC1D2D}.Debug|x86.ActiveCfg = Debug|Any CPU
		{30FE5F7A-88C8-4435-A30B-9E1B5AAC1D2D}.Release|Any CPU.ActiveCfg = Release|Any CPU
		{30FE5F7A-88C8-4435-A30B-9E1B5AAC1D2D}.Release|Any CPU.Build.0 = Release|Any CPU
		{30FE5F7A-88C8-4435-A30B-9E1B5AAC1D2D}.Release|ARM.ActiveCfg = Release|Any CPU
		{30FE5F7A-88C8-4435-A30B-9E1B5AAC1D2D}.Release|iPhone.ActiveCfg = Release|Any CPU
		{30FE5F7A-88C8-4435-A30B-9E1B5AAC1D2D}.Release|iPhone.Build.0 = Release|Any CPU
		{30FE5F7A-88C8-4435-A30B-9E1B5AAC1D2D}.Release|iPhoneSimulator.ActiveCfg = Release|Any CPU
		{30FE5F7A-88C8-4435-A30B-9E1B5AAC1D2D}.Release|iPhoneSimulator.Build.0 = Release|Any CPU
		{30FE5F7A-88C8-4435-A30B-9E1B5AAC1D2D}.Release|x86.ActiveCfg = Release|Any CPU
		{FB36C288-1C4A-4AD8-8F91-EE48F281517C}.Ad-Hoc|Any CPU.ActiveCfg = Release|Any CPU
		{FB36C288-1C4A-4AD8-8F91-EE48F281517C}.Ad-Hoc|Any CPU.Build.0 = Release|Any CPU
		{FB36C288-1C4A-4AD8-8F91-EE48F281517C}.Ad-Hoc|ARM.ActiveCfg = Debug|Any CPU
		{FB36C288-1C4A-4AD8-8F91-EE48F281517C}.Ad-Hoc|iPhone.ActiveCfg = Release|Any CPU
		{FB36C288-1C4A-4AD8-8F91-EE48F281517C}.Ad-Hoc|iPhoneSimulator.ActiveCfg = Release|Any CPU
		{FB36C288-1C4A-4AD8-8F91-EE48F281517C}.Ad-Hoc|x86.ActiveCfg = Debug|Any CPU
		{FB36C288-1C4A-4AD8-8F91-EE48F281517C}.AppStore|Any CPU.ActiveCfg = Release|Any CPU
		{FB36C288-1C4A-4AD8-8F91-EE48F281517C}.AppStore|Any CPU.Build.0 = Release|Any CPU
		{FB36C288-1C4A-4AD8-8F91-EE48F281517C}.AppStore|ARM.ActiveCfg = Debug|Any CPU
		{FB36C288-1C4A-4AD8-8F91-EE48F281517C}.AppStore|iPhone.ActiveCfg = Release|Any CPU
		{FB36C288-1C4A-4AD8-8F91-EE48F281517C}.AppStore|iPhoneSimulator.ActiveCfg = Release|Any CPU
		{FB36C288-1C4A-4AD8-8F91-EE48F281517C}.AppStore|x86.ActiveCfg = Debug|Any CPU
		{FB36C288-1C4A-4AD8-8F91-EE48F281517C}.Debug|Any CPU.ActiveCfg = Debug|Any CPU
		{FB36C288-1C4A-4AD8-8F91-EE48F281517C}.Debug|Any CPU.Build.0 = Debug|Any CPU
		{FB36C288-1C4A-4AD8-8F91-EE48F281517C}.Debug|ARM.ActiveCfg = Debug|Any CPU
		{FB36C288-1C4A-4AD8-8F91-EE48F281517C}.Debug|iPhone.ActiveCfg = Debug|Any CPU
		{FB36C288-1C4A-4AD8-8F91-EE48F281517C}.Debug|iPhoneSimulator.ActiveCfg = Debug|Any CPU
		{FB36C288-1C4A-4AD8-8F91-EE48F281517C}.Debug|x86.ActiveCfg = Debug|Any CPU
		{FB36C288-1C4A-4AD8-8F91-EE48F281517C}.Release|Any CPU.ActiveCfg = Release|Any CPU
		{FB36C288-1C4A-4AD8-8F91-EE48F281517C}.Release|Any CPU.Build.0 = Release|Any CPU
		{FB36C288-1C4A-4AD8-8F91-EE48F281517C}.Release|ARM.ActiveCfg = Release|Any CPU
		{FB36C288-1C4A-4AD8-8F91-EE48F281517C}.Release|iPhone.ActiveCfg = Release|Any CPU
		{FB36C288-1C4A-4AD8-8F91-EE48F281517C}.Release|iPhoneSimulator.ActiveCfg = Release|Any CPU
		{FB36C288-1C4A-4AD8-8F91-EE48F281517C}.Release|x86.ActiveCfg = Release|Any CPU
		{CAC3FD80-4CB2-4C2E-B34B-9858376F59C1}.Ad-Hoc|Any CPU.ActiveCfg = Release|Any CPU
		{CAC3FD80-4CB2-4C2E-B34B-9858376F59C1}.Ad-Hoc|Any CPU.Build.0 = Release|Any CPU
		{CAC3FD80-4CB2-4C2E-B34B-9858376F59C1}.Ad-Hoc|ARM.ActiveCfg = Debug|Any CPU
		{CAC3FD80-4CB2-4C2E-B34B-9858376F59C1}.Ad-Hoc|iPhone.ActiveCfg = Release|Any CPU
		{CAC3FD80-4CB2-4C2E-B34B-9858376F59C1}.Ad-Hoc|iPhoneSimulator.ActiveCfg = Release|Any CPU
		{CAC3FD80-4CB2-4C2E-B34B-9858376F59C1}.Ad-Hoc|x86.ActiveCfg = Debug|Any CPU
		{CAC3FD80-4CB2-4C2E-B34B-9858376F59C1}.AppStore|Any CPU.ActiveCfg = Release|Any CPU
		{CAC3FD80-4CB2-4C2E-B34B-9858376F59C1}.AppStore|Any CPU.Build.0 = Release|Any CPU
		{CAC3FD80-4CB2-4C2E-B34B-9858376F59C1}.AppStore|ARM.ActiveCfg = Debug|Any CPU
		{CAC3FD80-4CB2-4C2E-B34B-9858376F59C1}.AppStore|iPhone.ActiveCfg = Release|Any CPU
		{CAC3FD80-4CB2-4C2E-B34B-9858376F59C1}.AppStore|iPhoneSimulator.ActiveCfg = Release|Any CPU
		{CAC3FD80-4CB2-4C2E-B34B-9858376F59C1}.AppStore|x86.ActiveCfg = Debug|Any CPU
		{CAC3FD80-4CB2-4C2E-B34B-9858376F59C1}.Debug|Any CPU.ActiveCfg = Debug|Any CPU
		{CAC3FD80-4CB2-4C2E-B34B-9858376F59C1}.Debug|Any CPU.Build.0 = Debug|Any CPU
		{CAC3FD80-4CB2-4C2E-B34B-9858376F59C1}.Debug|ARM.ActiveCfg = Debug|Any CPU
		{CAC3FD80-4CB2-4C2E-B34B-9858376F59C1}.Debug|iPhone.ActiveCfg = Debug|Any CPU
		{CAC3FD80-4CB2-4C2E-B34B-9858376F59C1}.Debug|iPhoneSimulator.ActiveCfg = Debug|Any CPU
		{CAC3FD80-4CB2-4C2E-B34B-9858376F59C1}.Debug|x86.ActiveCfg = Debug|Any CPU
		{CAC3FD80-4CB2-4C2E-B34B-9858376F59C1}.Release|Any CPU.ActiveCfg = Release|Any CPU
		{CAC3FD80-4CB2-4C2E-B34B-9858376F59C1}.Release|Any CPU.Build.0 = Release|Any CPU
		{CAC3FD80-4CB2-4C2E-B34B-9858376F59C1}.Release|ARM.ActiveCfg = Release|Any CPU
		{CAC3FD80-4CB2-4C2E-B34B-9858376F59C1}.Release|iPhone.ActiveCfg = Release|Any CPU
		{CAC3FD80-4CB2-4C2E-B34B-9858376F59C1}.Release|iPhoneSimulator.ActiveCfg = Release|Any CPU
		{CAC3FD80-4CB2-4C2E-B34B-9858376F59C1}.Release|x86.ActiveCfg = Release|Any CPU
		{0E384396-55E0-497C-A8FF-2205A68536B8}.Ad-Hoc|Any CPU.ActiveCfg = Release|Any CPU
		{0E384396-55E0-497C-A8FF-2205A68536B8}.Ad-Hoc|Any CPU.Build.0 = Release|Any CPU
		{0E384396-55E0-497C-A8FF-2205A68536B8}.Ad-Hoc|ARM.ActiveCfg = Debug|Any CPU
		{0E384396-55E0-497C-A8FF-2205A68536B8}.Ad-Hoc|iPhone.ActiveCfg = Release|Any CPU
		{0E384396-55E0-497C-A8FF-2205A68536B8}.Ad-Hoc|iPhoneSimulator.ActiveCfg = Release|Any CPU
		{0E384396-55E0-497C-A8FF-2205A68536B8}.Ad-Hoc|x86.ActiveCfg = Debug|Any CPU
		{0E384396-55E0-497C-A8FF-2205A68536B8}.AppStore|Any CPU.ActiveCfg = Release|Any CPU
		{0E384396-55E0-497C-A8FF-2205A68536B8}.AppStore|Any CPU.Build.0 = Release|Any CPU
		{0E384396-55E0-497C-A8FF-2205A68536B8}.AppStore|ARM.ActiveCfg = Debug|Any CPU
		{0E384396-55E0-497C-A8FF-2205A68536B8}.AppStore|iPhone.ActiveCfg = Release|Any CPU
		{0E384396-55E0-497C-A8FF-2205A68536B8}.AppStore|iPhoneSimulator.ActiveCfg = Release|Any CPU
		{0E384396-55E0-497C-A8FF-2205A68536B8}.AppStore|x86.ActiveCfg = Debug|Any CPU
		{0E384396-55E0-497C-A8FF-2205A68536B8}.Debug|Any CPU.ActiveCfg = Debug|Any CPU
		{0E384396-55E0-497C-A8FF-2205A68536B8}.Debug|Any CPU.Build.0 = Debug|Any CPU
		{0E384396-55E0-497C-A8FF-2205A68536B8}.Debug|ARM.ActiveCfg = Debug|Any CPU
		{0E384396-55E0-497C-A8FF-2205A68536B8}.Debug|iPhone.ActiveCfg = Debug|Any CPU
		{0E384396-55E0-497C-A8FF-2205A68536B8}.Debug|iPhoneSimulator.ActiveCfg = Debug|Any CPU
		{0E384396-55E0-497C-A8FF-2205A68536B8}.Debug|x86.ActiveCfg = Debug|Any CPU
		{0E384396-55E0-497C-A8FF-2205A68536B8}.Release|Any CPU.ActiveCfg = Release|Any CPU
		{0E384396-55E0-497C-A8FF-2205A68536B8}.Release|Any CPU.Build.0 = Release|Any CPU
		{0E384396-55E0-497C-A8FF-2205A68536B8}.Release|ARM.ActiveCfg = Release|Any CPU
		{0E384396-55E0-497C-A8FF-2205A68536B8}.Release|iPhone.ActiveCfg = Release|Any CPU
		{0E384396-55E0-497C-A8FF-2205A68536B8}.Release|iPhoneSimulator.ActiveCfg = Release|Any CPU
		{0E384396-55E0-497C-A8FF-2205A68536B8}.Release|x86.ActiveCfg = Release|Any CPU
		{9D44A808-19BC-4AA0-B832-A937B8E8607E}.Ad-Hoc|Any CPU.ActiveCfg = Release|Any CPU
		{9D44A808-19BC-4AA0-B832-A937B8E8607E}.Ad-Hoc|Any CPU.Build.0 = Release|Any CPU
		{9D44A808-19BC-4AA0-B832-A937B8E8607E}.Ad-Hoc|ARM.ActiveCfg = Debug|Any CPU
		{9D44A808-19BC-4AA0-B832-A937B8E8607E}.Ad-Hoc|iPhone.ActiveCfg = Release|Any CPU
		{9D44A808-19BC-4AA0-B832-A937B8E8607E}.Ad-Hoc|iPhoneSimulator.ActiveCfg = Release|Any CPU
		{9D44A808-19BC-4AA0-B832-A937B8E8607E}.Ad-Hoc|x86.ActiveCfg = Debug|Any CPU
		{9D44A808-19BC-4AA0-B832-A937B8E8607E}.AppStore|Any CPU.ActiveCfg = Release|Any CPU
		{9D44A808-19BC-4AA0-B832-A937B8E8607E}.AppStore|Any CPU.Build.0 = Release|Any CPU
		{9D44A808-19BC-4AA0-B832-A937B8E8607E}.AppStore|ARM.ActiveCfg = Debug|Any CPU
		{9D44A808-19BC-4AA0-B832-A937B8E8607E}.AppStore|iPhone.ActiveCfg = Release|Any CPU
		{9D44A808-19BC-4AA0-B832-A937B8E8607E}.AppStore|iPhoneSimulator.ActiveCfg = Release|Any CPU
		{9D44A808-19BC-4AA0-B832-A937B8E8607E}.AppStore|x86.ActiveCfg = Debug|Any CPU
		{9D44A808-19BC-4AA0-B832-A937B8E8607E}.Debug|Any CPU.ActiveCfg = Debug|Any CPU
		{9D44A808-19BC-4AA0-B832-A937B8E8607E}.Debug|Any CPU.Build.0 = Debug|Any CPU
		{9D44A808-19BC-4AA0-B832-A937B8E8607E}.Debug|ARM.ActiveCfg = Debug|Any CPU
		{9D44A808-19BC-4AA0-B832-A937B8E8607E}.Debug|iPhone.ActiveCfg = Debug|Any CPU
		{9D44A808-19BC-4AA0-B832-A937B8E8607E}.Debug|iPhoneSimulator.ActiveCfg = Debug|Any CPU
		{9D44A808-19BC-4AA0-B832-A937B8E8607E}.Debug|x86.ActiveCfg = Debug|Any CPU
		{9D44A808-19BC-4AA0-B832-A937B8E8607E}.Release|Any CPU.ActiveCfg = Release|Any CPU
		{9D44A808-19BC-4AA0-B832-A937B8E8607E}.Release|Any CPU.Build.0 = Release|Any CPU
		{9D44A808-19BC-4AA0-B832-A937B8E8607E}.Release|ARM.ActiveCfg = Release|Any CPU
		{9D44A808-19BC-4AA0-B832-A937B8E8607E}.Release|iPhone.ActiveCfg = Release|Any CPU
		{9D44A808-19BC-4AA0-B832-A937B8E8607E}.Release|iPhoneSimulator.ActiveCfg = Release|Any CPU
		{9D44A808-19BC-4AA0-B832-A937B8E8607E}.Release|x86.ActiveCfg = Release|Any CPU
		{5DF25212-A1F0-4E92-888E-59D3784969FA}.Ad-Hoc|Any CPU.ActiveCfg = Release|Any CPU
		{5DF25212-A1F0-4E92-888E-59D3784969FA}.Ad-Hoc|Any CPU.Build.0 = Release|Any CPU
		{5DF25212-A1F0-4E92-888E-59D3784969FA}.Ad-Hoc|Any CPU.Deploy.0 = Release|Any CPU
		{5DF25212-A1F0-4E92-888E-59D3784969FA}.Ad-Hoc|ARM.ActiveCfg = Release|ARM
		{5DF25212-A1F0-4E92-888E-59D3784969FA}.Ad-Hoc|ARM.Build.0 = Release|ARM
		{5DF25212-A1F0-4E92-888E-59D3784969FA}.Ad-Hoc|ARM.Deploy.0 = Release|ARM
		{5DF25212-A1F0-4E92-888E-59D3784969FA}.Ad-Hoc|iPhone.ActiveCfg = Release|Any CPU
		{5DF25212-A1F0-4E92-888E-59D3784969FA}.Ad-Hoc|iPhoneSimulator.ActiveCfg = Release|Any CPU
		{5DF25212-A1F0-4E92-888E-59D3784969FA}.Ad-Hoc|x86.ActiveCfg = Release|x86
		{5DF25212-A1F0-4E92-888E-59D3784969FA}.Ad-Hoc|x86.Build.0 = Release|x86
		{5DF25212-A1F0-4E92-888E-59D3784969FA}.Ad-Hoc|x86.Deploy.0 = Release|x86
		{5DF25212-A1F0-4E92-888E-59D3784969FA}.AppStore|Any CPU.ActiveCfg = Release|Any CPU
		{5DF25212-A1F0-4E92-888E-59D3784969FA}.AppStore|Any CPU.Build.0 = Release|Any CPU
		{5DF25212-A1F0-4E92-888E-59D3784969FA}.AppStore|Any CPU.Deploy.0 = Release|Any CPU
		{5DF25212-A1F0-4E92-888E-59D3784969FA}.AppStore|ARM.ActiveCfg = Release|ARM
		{5DF25212-A1F0-4E92-888E-59D3784969FA}.AppStore|ARM.Build.0 = Release|ARM
		{5DF25212-A1F0-4E92-888E-59D3784969FA}.AppStore|ARM.Deploy.0 = Release|ARM
		{5DF25212-A1F0-4E92-888E-59D3784969FA}.AppStore|iPhone.ActiveCfg = Release|Any CPU
		{5DF25212-A1F0-4E92-888E-59D3784969FA}.AppStore|iPhoneSimulator.ActiveCfg = Release|Any CPU
		{5DF25212-A1F0-4E92-888E-59D3784969FA}.AppStore|x86.ActiveCfg = Release|x86
		{5DF25212-A1F0-4E92-888E-59D3784969FA}.AppStore|x86.Build.0 = Release|x86
		{5DF25212-A1F0-4E92-888E-59D3784969FA}.AppStore|x86.Deploy.0 = Release|x86
		{5DF25212-A1F0-4E92-888E-59D3784969FA}.Debug|Any CPU.ActiveCfg = Debug|Any CPU
		{5DF25212-A1F0-4E92-888E-59D3784969FA}.Debug|Any CPU.Build.0 = Debug|Any CPU
		{5DF25212-A1F0-4E92-888E-59D3784969FA}.Debug|Any CPU.Deploy.0 = Debug|Any CPU
		{5DF25212-A1F0-4E92-888E-59D3784969FA}.Debug|ARM.ActiveCfg = Debug|ARM
		{5DF25212-A1F0-4E92-888E-59D3784969FA}.Debug|ARM.Build.0 = Debug|ARM
		{5DF25212-A1F0-4E92-888E-59D3784969FA}.Debug|ARM.Deploy.0 = Debug|ARM
		{5DF25212-A1F0-4E92-888E-59D3784969FA}.Debug|iPhone.ActiveCfg = Debug|Any CPU
		{5DF25212-A1F0-4E92-888E-59D3784969FA}.Debug|iPhoneSimulator.ActiveCfg = Debug|Any CPU
		{5DF25212-A1F0-4E92-888E-59D3784969FA}.Debug|x86.ActiveCfg = Debug|x86
		{5DF25212-A1F0-4E92-888E-59D3784969FA}.Debug|x86.Build.0 = Debug|x86
		{5DF25212-A1F0-4E92-888E-59D3784969FA}.Debug|x86.Deploy.0 = Debug|x86
		{5DF25212-A1F0-4E92-888E-59D3784969FA}.Release|Any CPU.ActiveCfg = Release|Any CPU
		{5DF25212-A1F0-4E92-888E-59D3784969FA}.Release|Any CPU.Build.0 = Release|Any CPU
		{5DF25212-A1F0-4E92-888E-59D3784969FA}.Release|Any CPU.Deploy.0 = Release|Any CPU
		{5DF25212-A1F0-4E92-888E-59D3784969FA}.Release|ARM.ActiveCfg = Release|ARM
		{5DF25212-A1F0-4E92-888E-59D3784969FA}.Release|ARM.Build.0 = Release|ARM
		{5DF25212-A1F0-4E92-888E-59D3784969FA}.Release|ARM.Deploy.0 = Release|ARM
		{5DF25212-A1F0-4E92-888E-59D3784969FA}.Release|iPhone.ActiveCfg = Release|Any CPU
		{5DF25212-A1F0-4E92-888E-59D3784969FA}.Release|iPhoneSimulator.ActiveCfg = Release|Any CPU
		{5DF25212-A1F0-4E92-888E-59D3784969FA}.Release|x86.ActiveCfg = Release|x86
		{5DF25212-A1F0-4E92-888E-59D3784969FA}.Release|x86.Build.0 = Release|x86
		{5DF25212-A1F0-4E92-888E-59D3784969FA}.Release|x86.Deploy.0 = Release|x86
	EndGlobalSection
	GlobalSection(SolutionProperties) = preSolution
		HideSolutionNode = FALSE
	EndGlobalSection
	GlobalSection(NestedProjects) = preSolution
		{121F8441-7D24-4DC7-A1E0-9D430B37B390} = {282A96FC-EFE1-4121-8F46-BF39C13947DF}
		{CA7DE571-2E10-4E92-9358-9905EFE4A321} = {282A96FC-EFE1-4121-8F46-BF39C13947DF}
		{2775FD4C-2B21-4B8E-BEAC-DBE0BB31517E} = {CA7DE571-2E10-4E92-9358-9905EFE4A321}
		{7F6EF1DD-20C2-4746-9B3A-7563C68A1A12} = {282A96FC-EFE1-4121-8F46-BF39C13947DF}
		{6C8CE10C-42D4-4572-A67E-74407A8A69D9} = {7F6EF1DD-20C2-4746-9B3A-7563C68A1A12}
		{577A0E0D-6ED8-46BC-AD63-6C213877CA71} = {323B201B-0667-4971-869F-01F457C4E144}
		{75F85348-7583-432F-ACF5-889CD2A9A856} = {761B9ED8-405D-4CF7-8094-C9985102416D}
		{386A2F55-9B27-4E06-8234-38A4EFDC8FB7} = {761B9ED8-405D-4CF7-8094-C9985102416D}
		{30FE5F7A-88C8-4435-A30B-9E1B5AAC1D2D} = {761B9ED8-405D-4CF7-8094-C9985102416D}
		{FB36C288-1C4A-4AD8-8F91-EE48F281517C} = {44EBD2BC-663B-453C-9744-F327A97AC884}
		{CAC3FD80-4CB2-4C2E-B34B-9858376F59C1} = {44EBD2BC-663B-453C-9744-F327A97AC884}
		{0E384396-55E0-497C-A8FF-2205A68536B8} = {44EBD2BC-663B-453C-9744-F327A97AC884}
		{9D44A808-19BC-4AA0-B832-A937B8E8607E} = {44EBD2BC-663B-453C-9744-F327A97AC884}
		{5DF25212-A1F0-4E92-888E-59D3784969FA} = {282A96FC-EFE1-4121-8F46-BF39C13947DF}
		{EE68234A-1FCB-431F-B0FA-3038432B2F18} = {CA7DE571-2E10-4E92-9358-9905EFE4A321}
		{3D6D798A-E3A1-4239-9C3D-18B38936875B} = {7F6EF1DD-20C2-4746-9B3A-7563C68A1A12}
		{323B201B-0667-4971-869F-01F457C4E144} = {282A96FC-EFE1-4121-8F46-BF39C13947DF}
	EndGlobalSection
	GlobalSection(MonoDevelopProperties) = preSolution
		StartupItem = Sagua.App.iOS\Sagua.App.iOS.csproj
	EndGlobalSection
EndGlobal
