
Microsoft Visual Studio Solution File, Format Version 12.00
# Visual Studio 2012
Project("{2150E333-8FDC-42A3-9474-1A3956D46DE8}") = "Client", "Client", "{282A96FC-EFE1-4121-8F46-BF39C13947DF}"
EndProject
Project("{FAE04EC0-301F-11D3-BF4B-00C04F79EFBC}") = "Sagua.App.iOS", "Sagua.App.iOS\Sagua.App.iOS.csproj", "{DDD3A64F-7515-42C5-8C05-F43C8CE24212}"
EndProject
Project("{FAE04EC0-301F-11D3-BF4B-00C04F79EFBC}") = "Sagua.App.Core", "Sagua.App.Core\Sagua.App.Core.csproj", "{121F8441-7D24-4DC7-A1E0-9D430B37B390}"
EndProject
Project("{2150E333-8FDC-42A3-9474-1A3956D46DE8}") = "Controls", "Controls", "{CA7DE571-2E10-4E92-9358-9905EFE4A321}"
EndProject
Project("{FAE04EC0-301F-11D3-BF4B-00C04F79EFBC}") = "Sagua.App.Controls", "Sagua.App.Controls\Sagua.App.Controls.csproj", "{2775FD4C-2B21-4B8E-BEAC-DBE0BB31517E}"
EndProject
Project("{D954291E-2A0B-460D-934E-DC6B0785DB48}") = "Sagua.App.Controls.iOS", "Sagua.App.Controls.iOS\Sagua.App.Controls.iOS.shproj", "{83A68C5D-211A-4D91-A45D-3AC23E8C739C}"
EndProject
Project("{2150E333-8FDC-42A3-9474-1A3956D46DE8}") = "Libs", "Libs", "{7F6EF1DD-20C2-4746-9B3A-7563C68A1A12}"
EndProject
Project("{FAE04EC0-301F-11D3-BF4B-00C04F79EFBC}") = "Sagua.App.Components", "Sagua.App.Components\Sagua.App.Components.csproj", "{6C8CE10C-42D4-4572-A67E-74407A8A69D9}"
EndProject
Project("{D954291E-2A0B-460D-934E-DC6B0785DB48}") = "Sagua.App.Components.iOS", "Sagua.App.Components.iOS\Sagua.App.Components.iOS.shproj", "{452AB218-75AA-43E3-9D73-965D7C43BFDF}"
EndProject
Project("{FAE04EC0-301F-11D3-BF4B-00C04F79EFBC}") = "Sagua.App.BindingQQLibrary.iOS", "Sagua.App.BindingQQLibrary.iOS\Sagua.App.BindingQQLibrary.iOS.csproj", "{E6385861-8E96-41F2-95D3-191EF8BCFA6F}"
EndProject
Project("{FAE04EC0-301F-11D3-BF4B-00C04F79EFBC}") = "Sagua.App.BindingWeiboLibrary.iOS", "Sagua.App.BindingWeiboLibrary.iOS\Sagua.App.BindingWeiboLibrary.iOS.csproj", "{F3DC991B-9DF7-43D9-9928-68C885C896CA}"
EndProject
Project("{2150E333-8FDC-42A3-9474-1A3956D46DE8}") = "Common", "Common", "{DB5A7D41-0697-4132-88F3-CF955999A4E0}"
EndProject
Project("{FAE04EC0-301F-11D3-BF4B-00C04F79EFBC}") = "Sagua.App.Common", "Sagua.App.Common\Sagua.App.Common.csproj", "{577A0E0D-6ED8-46BC-AD63-6C213877CA71}"
EndProject
Project("{2150E333-8FDC-42A3-9474-1A3956D46DE8}") = "Global", "Global", "{761B9ED8-405D-4CF7-8094-C9985102416D}"
EndProject
Project("{FAE04EC0-301F-11D3-BF4B-00C04F79EFBC}") = "Sagua.Global.Common", "Sagua.Global.Common\Sagua.Global.Common.csproj", "{75F85348-7583-432F-ACF5-889CD2A9A856}"
EndProject
Project("{FAE04EC0-301F-11D3-BF4B-00C04F79EFBC}") = "Sagua.Global.Domain", "Sagua.Global.Domain\Sagua.Global.Domain.csproj", "{386A2F55-9B27-4E06-8234-38A4EFDC8FB7}"
EndProject
Project("{FAE04EC0-301F-11D3-BF4B-00C04F79EFBC}") = "Sagua.Global.Models", "Sagua.Global.Models\Sagua.Global.Models.csproj", "{30FE5F7A-88C8-4435-A30B-9E1B5AAC1D2D}"
EndProject
Global
	GlobalSection(SolutionConfigurationPlatforms) = preSolution
		Debug|Any CPU = Debug|Any CPU
		Release|Any CPU = Release|Any CPU
		Debug|iPhoneSimulator = Debug|iPhoneSimulator
		Release|iPhoneSimulator = Release|iPhoneSimulator
		Debug|iPhone = Debug|iPhone
		Release|iPhone = Release|iPhone
		Ad-Hoc|iPhone = Ad-Hoc|iPhone
		AppStore|iPhone = AppStore|iPhone
	EndGlobalSection
	GlobalSection(ProjectConfigurationPlatforms) = postSolution
		{121F8441-7D24-4DC7-A1E0-9D430B37B390}.Ad-Hoc|iPhone.ActiveCfg = Debug|Any CPU
		{121F8441-7D24-4DC7-A1E0-9D430B37B390}.Ad-Hoc|iPhone.Build.0 = Debug|Any CPU
		{121F8441-7D24-4DC7-A1E0-9D430B37B390}.AppStore|iPhone.ActiveCfg = Debug|Any CPU
		{121F8441-7D24-4DC7-A1E0-9D430B37B390}.AppStore|iPhone.Build.0 = Debug|Any CPU
		{121F8441-7D24-4DC7-A1E0-9D430B37B390}.Debug|Any CPU.ActiveCfg = Debug|Any CPU
		{121F8441-7D24-4DC7-A1E0-9D430B37B390}.Debug|Any CPU.Build.0 = Debug|Any CPU
		{121F8441-7D24-4DC7-A1E0-9D430B37B390}.Debug|iPhone.ActiveCfg = Debug|Any CPU
		{121F8441-7D24-4DC7-A1E0-9D430B37B390}.Debug|iPhone.Build.0 = Debug|Any CPU
		{121F8441-7D24-4DC7-A1E0-9D430B37B390}.Debug|iPhoneSimulator.ActiveCfg = Debug|Any CPU
		{121F8441-7D24-4DC7-A1E0-9D430B37B390}.Debug|iPhoneSimulator.Build.0 = Debug|Any CPU
		{121F8441-7D24-4DC7-A1E0-9D430B37B390}.Release|Any CPU.ActiveCfg = Release|Any CPU
		{121F8441-7D24-4DC7-A1E0-9D430B37B390}.Release|Any CPU.Build.0 = Release|Any CPU
		{121F8441-7D24-4DC7-A1E0-9D430B37B390}.Release|iPhone.ActiveCfg = Release|Any CPU
		{121F8441-7D24-4DC7-A1E0-9D430B37B390}.Release|iPhone.Build.0 = Release|Any CPU
		{121F8441-7D24-4DC7-A1E0-9D430B37B390}.Release|iPhoneSimulator.ActiveCfg = Release|Any CPU
		{121F8441-7D24-4DC7-A1E0-9D430B37B390}.Release|iPhoneSimulator.Build.0 = Release|Any CPU
		{2775FD4C-2B21-4B8E-BEAC-DBE0BB31517E}.Ad-Hoc|iPhone.ActiveCfg = Release|Any CPU
		{2775FD4C-2B21-4B8E-BEAC-DBE0BB31517E}.Ad-Hoc|iPhone.Build.0 = Release|Any CPU
		{2775FD4C-2B21-4B8E-BEAC-DBE0BB31517E}.AppStore|iPhone.ActiveCfg = Release|Any CPU
		{2775FD4C-2B21-4B8E-BEAC-DBE0BB31517E}.AppStore|iPhone.Build.0 = Release|Any CPU
		{2775FD4C-2B21-4B8E-BEAC-DBE0BB31517E}.Debug|Any CPU.ActiveCfg = Debug|Any CPU
		{2775FD4C-2B21-4B8E-BEAC-DBE0BB31517E}.Debug|Any CPU.Build.0 = Debug|Any CPU
		{2775FD4C-2B21-4B8E-BEAC-DBE0BB31517E}.Debug|iPhone.ActiveCfg = Debug|Any CPU
		{2775FD4C-2B21-4B8E-BEAC-DBE0BB31517E}.Debug|iPhone.Build.0 = Debug|Any CPU
		{2775FD4C-2B21-4B8E-BEAC-DBE0BB31517E}.Debug|iPhoneSimulator.ActiveCfg = Debug|Any CPU
		{2775FD4C-2B21-4B8E-BEAC-DBE0BB31517E}.Debug|iPhoneSimulator.Build.0 = Debug|Any CPU
		{2775FD4C-2B21-4B8E-BEAC-DBE0BB31517E}.Release|Any CPU.ActiveCfg = Release|Any CPU
		{2775FD4C-2B21-4B8E-BEAC-DBE0BB31517E}.Release|Any CPU.Build.0 = Release|Any CPU
		{2775FD4C-2B21-4B8E-BEAC-DBE0BB31517E}.Release|iPhone.ActiveCfg = Release|Any CPU
		{2775FD4C-2B21-4B8E-BEAC-DBE0BB31517E}.Release|iPhone.Build.0 = Release|Any CPU
		{2775FD4C-2B21-4B8E-BEAC-DBE0BB31517E}.Release|iPhoneSimulator.ActiveCfg = Release|Any CPU
		{2775FD4C-2B21-4B8E-BEAC-DBE0BB31517E}.Release|iPhoneSimulator.Build.0 = Release|Any CPU
		{30FE5F7A-88C8-4435-A30B-9E1B5AAC1D2D}.Ad-Hoc|iPhone.ActiveCfg = Release|Any CPU
		{30FE5F7A-88C8-4435-A30B-9E1B5AAC1D2D}.Ad-Hoc|iPhone.Build.0 = Release|Any CPU
		{30FE5F7A-88C8-4435-A30B-9E1B5AAC1D2D}.AppStore|iPhone.ActiveCfg = Release|Any CPU
		{30FE5F7A-88C8-4435-A30B-9E1B5AAC1D2D}.AppStore|iPhone.Build.0 = Release|Any CPU
		{30FE5F7A-88C8-4435-A30B-9E1B5AAC1D2D}.Debug|Any CPU.ActiveCfg = Debug|Any CPU
		{30FE5F7A-88C8-4435-A30B-9E1B5AAC1D2D}.Debug|Any CPU.Build.0 = Debug|Any CPU
		{30FE5F7A-88C8-4435-A30B-9E1B5AAC1D2D}.Debug|iPhone.ActiveCfg = Debug|Any CPU
		{30FE5F7A-88C8-4435-A30B-9E1B5AAC1D2D}.Debug|iPhone.Build.0 = Debug|Any CPU
		{30FE5F7A-88C8-4435-A30B-9E1B5AAC1D2D}.Debug|iPhoneSimulator.ActiveCfg = Debug|Any CPU
		{30FE5F7A-88C8-4435-A30B-9E1B5AAC1D2D}.Debug|iPhoneSimulator.Build.0 = Debug|Any CPU
		{30FE5F7A-88C8-4435-A30B-9E1B5AAC1D2D}.Release|Any CPU.ActiveCfg = Release|Any CPU
		{30FE5F7A-88C8-4435-A30B-9E1B5AAC1D2D}.Release|Any CPU.Build.0 = Release|Any CPU
		{30FE5F7A-88C8-4435-A30B-9E1B5AAC1D2D}.Release|iPhone.ActiveCfg = Release|Any CPU
		{30FE5F7A-88C8-4435-A30B-9E1B5AAC1D2D}.Release|iPhone.Build.0 = Release|Any CPU
		{30FE5F7A-88C8-4435-A30B-9E1B5AAC1D2D}.Release|iPhoneSimulator.ActiveCfg = Release|Any CPU
		{30FE5F7A-88C8-4435-A30B-9E1B5AAC1D2D}.Release|iPhoneSimulator.Build.0 = Release|Any CPU
		{386A2F55-9B27-4E06-8234-38A4EFDC8FB7}.Ad-Hoc|iPhone.ActiveCfg = Release|Any CPU
		{386A2F55-9B27-4E06-8234-38A4EFDC8FB7}.Ad-Hoc|iPhone.Build.0 = Release|Any CPU
		{386A2F55-9B27-4E06-8234-38A4EFDC8FB7}.AppStore|iPhone.ActiveCfg = Release|Any CPU
		{386A2F55-9B27-4E06-8234-38A4EFDC8FB7}.AppStore|iPhone.Build.0 = Release|Any CPU
		{386A2F55-9B27-4E06-8234-38A4EFDC8FB7}.Debug|Any CPU.ActiveCfg = Debug|Any CPU
		{386A2F55-9B27-4E06-8234-38A4EFDC8FB7}.Debug|Any CPU.Build.0 = Debug|Any CPU
		{386A2F55-9B27-4E06-8234-38A4EFDC8FB7}.Debug|iPhone.ActiveCfg = Debug|Any CPU
		{386A2F55-9B27-4E06-8234-38A4EFDC8FB7}.Debug|iPhone.Build.0 = Debug|Any CPU
		{386A2F55-9B27-4E06-8234-38A4EFDC8FB7}.Debug|iPhoneSimulator.ActiveCfg = Debug|Any CPU
		{386A2F55-9B27-4E06-8234-38A4EFDC8FB7}.Debug|iPhoneSimulator.Build.0 = Debug|Any CPU
		{386A2F55-9B27-4E06-8234-38A4EFDC8FB7}.Release|Any CPU.ActiveCfg = Release|Any CPU
		{386A2F55-9B27-4E06-8234-38A4EFDC8FB7}.Release|Any CPU.Build.0 = Release|Any CPU
		{386A2F55-9B27-4E06-8234-38A4EFDC8FB7}.Release|iPhone.ActiveCfg = Release|Any CPU
		{386A2F55-9B27-4E06-8234-38A4EFDC8FB7}.Release|iPhone.Build.0 = Release|Any CPU
		{386A2F55-9B27-4E06-8234-38A4EFDC8FB7}.Release|iPhoneSimulator.ActiveCfg = Release|Any CPU
		{386A2F55-9B27-4E06-8234-38A4EFDC8FB7}.Release|iPhoneSimulator.Build.0 = Release|Any CPU
		{577A0E0D-6ED8-46BC-AD63-6C213877CA71}.Ad-Hoc|iPhone.ActiveCfg = Release|Any CPU
		{577A0E0D-6ED8-46BC-AD63-6C213877CA71}.Ad-Hoc|iPhone.Build.0 = Release|Any CPU
		{577A0E0D-6ED8-46BC-AD63-6C213877CA71}.AppStore|iPhone.ActiveCfg = Release|Any CPU
		{577A0E0D-6ED8-46BC-AD63-6C213877CA71}.AppStore|iPhone.Build.0 = Release|Any CPU
		{577A0E0D-6ED8-46BC-AD63-6C213877CA71}.Debug|Any CPU.ActiveCfg = Debug|Any CPU
		{577A0E0D-6ED8-46BC-AD63-6C213877CA71}.Debug|Any CPU.Build.0 = Debug|Any CPU
		{577A0E0D-6ED8-46BC-AD63-6C213877CA71}.Debug|iPhone.ActiveCfg = Debug|Any CPU
		{577A0E0D-6ED8-46BC-AD63-6C213877CA71}.Debug|iPhone.Build.0 = Debug|Any CPU
		{577A0E0D-6ED8-46BC-AD63-6C213877CA71}.Debug|iPhoneSimulator.ActiveCfg = Debug|Any CPU
		{577A0E0D-6ED8-46BC-AD63-6C213877CA71}.Debug|iPhoneSimulator.Build.0 = Debug|Any CPU
		{577A0E0D-6ED8-46BC-AD63-6C213877CA71}.Release|Any CPU.ActiveCfg = Release|Any CPU
		{577A0E0D-6ED8-46BC-AD63-6C213877CA71}.Release|Any CPU.Build.0 = Release|Any CPU
		{577A0E0D-6ED8-46BC-AD63-6C213877CA71}.Release|iPhone.ActiveCfg = Release|Any CPU
		{577A0E0D-6ED8-46BC-AD63-6C213877CA71}.Release|iPhone.Build.0 = Release|Any CPU
		{577A0E0D-6ED8-46BC-AD63-6C213877CA71}.Release|iPhoneSimulator.ActiveCfg = Release|Any CPU
		{577A0E0D-6ED8-46BC-AD63-6C213877CA71}.Release|iPhoneSimulator.Build.0 = Release|Any CPU
		{6C8CE10C-42D4-4572-A67E-74407A8A69D9}.Ad-Hoc|iPhone.ActiveCfg = Release|Any CPU
		{6C8CE10C-42D4-4572-A67E-74407A8A69D9}.Ad-Hoc|iPhone.Build.0 = Release|Any CPU
		{6C8CE10C-42D4-4572-A67E-74407A8A69D9}.AppStore|iPhone.ActiveCfg = Release|Any CPU
		{6C8CE10C-42D4-4572-A67E-74407A8A69D9}.AppStore|iPhone.Build.0 = Release|Any CPU
		{6C8CE10C-42D4-4572-A67E-74407A8A69D9}.Debug|Any CPU.ActiveCfg = Debug|Any CPU
		{6C8CE10C-42D4-4572-A67E-74407A8A69D9}.Debug|Any CPU.Build.0 = Debug|Any CPU
		{6C8CE10C-42D4-4572-A67E-74407A8A69D9}.Debug|iPhone.ActiveCfg = Debug|Any CPU
		{6C8CE10C-42D4-4572-A67E-74407A8A69D9}.Debug|iPhone.Build.0 = Debug|Any CPU
		{6C8CE10C-42D4-4572-A67E-74407A8A69D9}.Debug|iPhoneSimulator.ActiveCfg = Debug|Any CPU
		{6C8CE10C-42D4-4572-A67E-74407A8A69D9}.Debug|iPhoneSimulator.Build.0 = Debug|Any CPU
		{6C8CE10C-42D4-4572-A67E-74407A8A69D9}.Release|Any CPU.ActiveCfg = Release|Any CPU
		{6C8CE10C-42D4-4572-A67E-74407A8A69D9}.Release|Any CPU.Build.0 = Release|Any CPU
		{6C8CE10C-42D4-4572-A67E-74407A8A69D9}.Release|iPhone.ActiveCfg = Release|Any CPU
		{6C8CE10C-42D4-4572-A67E-74407A8A69D9}.Release|iPhone.Build.0 = Release|Any CPU
		{6C8CE10C-42D4-4572-A67E-74407A8A69D9}.Release|iPhoneSimulator.ActiveCfg = Release|Any CPU
		{6C8CE10C-42D4-4572-A67E-74407A8A69D9}.Release|iPhoneSimulator.Build.0 = Release|Any CPU
		{75F85348-7583-432F-ACF5-889CD2A9A856}.Ad-Hoc|iPhone.ActiveCfg = Release|Any CPU
		{75F85348-7583-432F-ACF5-889CD2A9A856}.Ad-Hoc|iPhone.Build.0 = Release|Any CPU
		{75F85348-7583-432F-ACF5-889CD2A9A856}.AppStore|iPhone.ActiveCfg = Release|Any CPU
		{75F85348-7583-432F-ACF5-889CD2A9A856}.AppStore|iPhone.Build.0 = Release|Any CPU
		{75F85348-7583-432F-ACF5-889CD2A9A856}.Debug|Any CPU.ActiveCfg = Debug|Any CPU
		{75F85348-7583-432F-ACF5-889CD2A9A856}.Debug|Any CPU.Build.0 = Debug|Any CPU
		{75F85348-7583-432F-ACF5-889CD2A9A856}.Debug|iPhone.ActiveCfg = Debug|Any CPU
		{75F85348-7583-432F-ACF5-889CD2A9A856}.Debug|iPhone.Build.0 = Debug|Any CPU
		{75F85348-7583-432F-ACF5-889CD2A9A856}.Debug|iPhoneSimulator.ActiveCfg = Debug|Any CPU
		{75F85348-7583-432F-ACF5-889CD2A9A856}.Debug|iPhoneSimulator.Build.0 = Debug|Any CPU
		{75F85348-7583-432F-ACF5-889CD2A9A856}.Release|Any CPU.ActiveCfg = Release|Any CPU
		{75F85348-7583-432F-ACF5-889CD2A9A856}.Release|Any CPU.Build.0 = Release|Any CPU
		{75F85348-7583-432F-ACF5-889CD2A9A856}.Release|iPhone.ActiveCfg = Release|Any CPU
		{75F85348-7583-432F-ACF5-889CD2A9A856}.Release|iPhone.Build.0 = Release|Any CPU
		{75F85348-7583-432F-ACF5-889CD2A9A856}.Release|iPhoneSimulator.ActiveCfg = Release|Any CPU
		{75F85348-7583-432F-ACF5-889CD2A9A856}.Release|iPhoneSimulator.Build.0 = Release|Any CPU
		{DDD3A64F-7515-42C5-8C05-F43C8CE24212}.Ad-Hoc|iPhone.ActiveCfg = Ad-Hoc|iPhone
		{DDD3A64F-7515-42C5-8C05-F43C8CE24212}.Ad-Hoc|iPhone.Build.0 = Ad-Hoc|iPhone
		{DDD3A64F-7515-42C5-8C05-F43C8CE24212}.AppStore|iPhone.ActiveCfg = AppStore|iPhone
		{DDD3A64F-7515-42C5-8C05-F43C8CE24212}.AppStore|iPhone.Build.0 = AppStore|iPhone
		{DDD3A64F-7515-42C5-8C05-F43C8CE24212}.Debug|Any CPU.ActiveCfg = Debug|iPhoneSimulator
		{DDD3A64F-7515-42C5-8C05-F43C8CE24212}.Debug|Any CPU.Build.0 = Debug|iPhoneSimulator
		{DDD3A64F-7515-42C5-8C05-F43C8CE24212}.Debug|iPhone.ActiveCfg = Debug|iPhone
		{DDD3A64F-7515-42C5-8C05-F43C8CE24212}.Debug|iPhone.Build.0 = Debug|iPhone
		{DDD3A64F-7515-42C5-8C05-F43C8CE24212}.Debug|iPhoneSimulator.ActiveCfg = Debug|iPhoneSimulator
		{DDD3A64F-7515-42C5-8C05-F43C8CE24212}.Debug|iPhoneSimulator.Build.0 = Debug|iPhoneSimulator
		{DDD3A64F-7515-42C5-8C05-F43C8CE24212}.Release|Any CPU.ActiveCfg = Release|iPhoneSimulator
		{DDD3A64F-7515-42C5-8C05-F43C8CE24212}.Release|Any CPU.Build.0 = Release|iPhoneSimulator
		{DDD3A64F-7515-42C5-8C05-F43C8CE24212}.Release|iPhone.ActiveCfg = Release|iPhone
		{DDD3A64F-7515-42C5-8C05-F43C8CE24212}.Release|iPhone.Build.0 = Release|iPhone
		{DDD3A64F-7515-42C5-8C05-F43C8CE24212}.Release|iPhoneSimulator.ActiveCfg = Release|iPhoneSimulator
		{DDD3A64F-7515-42C5-8C05-F43C8CE24212}.Release|iPhoneSimulator.Build.0 = Release|iPhoneSimulator
		{E6385861-8E96-41F2-95D3-191EF8BCFA6F}.Ad-Hoc|iPhone.ActiveCfg = Release|Any CPU
		{E6385861-8E96-41F2-95D3-191EF8BCFA6F}.Ad-Hoc|iPhone.Build.0 = Release|Any CPU
		{E6385861-8E96-41F2-95D3-191EF8BCFA6F}.AppStore|iPhone.ActiveCfg = Release|Any CPU
		{E6385861-8E96-41F2-95D3-191EF8BCFA6F}.AppStore|iPhone.Build.0 = Release|Any CPU
		{E6385861-8E96-41F2-95D3-191EF8BCFA6F}.Debug|Any CPU.ActiveCfg = Debug|Any CPU
		{E6385861-8E96-41F2-95D3-191EF8BCFA6F}.Debug|Any CPU.Build.0 = Debug|Any CPU
		{E6385861-8E96-41F2-95D3-191EF8BCFA6F}.Debug|iPhone.ActiveCfg = Debug|Any CPU
		{E6385861-8E96-41F2-95D3-191EF8BCFA6F}.Debug|iPhone.Build.0 = Debug|Any CPU
		{E6385861-8E96-41F2-95D3-191EF8BCFA6F}.Debug|iPhoneSimulator.ActiveCfg = Debug|Any CPU
		{E6385861-8E96-41F2-95D3-191EF8BCFA6F}.Debug|iPhoneSimulator.Build.0 = Debug|Any CPU
		{E6385861-8E96-41F2-95D3-191EF8BCFA6F}.Release|Any CPU.ActiveCfg = Release|Any CPU
		{E6385861-8E96-41F2-95D3-191EF8BCFA6F}.Release|Any CPU.Build.0 = Release|Any CPU
		{E6385861-8E96-41F2-95D3-191EF8BCFA6F}.Release|iPhone.ActiveCfg = Release|Any CPU
		{E6385861-8E96-41F2-95D3-191EF8BCFA6F}.Release|iPhone.Build.0 = Release|Any CPU
		{E6385861-8E96-41F2-95D3-191EF8BCFA6F}.Release|iPhoneSimulator.ActiveCfg = Release|Any CPU
		{E6385861-8E96-41F2-95D3-191EF8BCFA6F}.Release|iPhoneSimulator.Build.0 = Release|Any CPU
		{F3DC991B-9DF7-43D9-9928-68C885C896CA}.Ad-Hoc|iPhone.ActiveCfg = Release|Any CPU
		{F3DC991B-9DF7-43D9-9928-68C885C896CA}.Ad-Hoc|iPhone.Build.0 = Release|Any CPU
		{F3DC991B-9DF7-43D9-9928-68C885C896CA}.AppStore|iPhone.ActiveCfg = Release|Any CPU
		{F3DC991B-9DF7-43D9-9928-68C885C896CA}.AppStore|iPhone.Build.0 = Release|Any CPU
		{F3DC991B-9DF7-43D9-9928-68C885C896CA}.Debug|Any CPU.ActiveCfg = Debug|Any CPU
		{F3DC991B-9DF7-43D9-9928-68C885C896CA}.Debug|Any CPU.Build.0 = Debug|Any CPU
		{F3DC991B-9DF7-43D9-9928-68C885C896CA}.Debug|iPhone.ActiveCfg = Debug|Any CPU
		{F3DC991B-9DF7-43D9-9928-68C885C896CA}.Debug|iPhone.Build.0 = Debug|Any CPU
		{F3DC991B-9DF7-43D9-9928-68C885C896CA}.Debug|iPhoneSimulator.ActiveCfg = Debug|Any CPU
		{F3DC991B-9DF7-43D9-9928-68C885C896CA}.Debug|iPhoneSimulator.Build.0 = Debug|Any CPU
		{F3DC991B-9DF7-43D9-9928-68C885C896CA}.Release|Any CPU.ActiveCfg = Release|Any CPU
		{F3DC991B-9DF7-43D9-9928-68C885C896CA}.Release|Any CPU.Build.0 = Release|Any CPU
		{F3DC991B-9DF7-43D9-9928-68C885C896CA}.Release|iPhone.ActiveCfg = Release|Any CPU
		{F3DC991B-9DF7-43D9-9928-68C885C896CA}.Release|iPhone.Build.0 = Release|Any CPU
		{F3DC991B-9DF7-43D9-9928-68C885C896CA}.Release|iPhoneSimulator.ActiveCfg = Release|Any CPU
		{F3DC991B-9DF7-43D9-9928-68C885C896CA}.Release|iPhoneSimulator.Build.0 = Release|Any CPU
	EndGlobalSection
	GlobalSection(NestedProjects) = preSolution
		{DDD3A64F-7515-42C5-8C05-F43C8CE24212} = {282A96FC-EFE1-4121-8F46-BF39C13947DF}
		{121F8441-7D24-4DC7-A1E0-9D430B37B390} = {282A96FC-EFE1-4121-8F46-BF39C13947DF}
		{CA7DE571-2E10-4E92-9358-9905EFE4A321} = {282A96FC-EFE1-4121-8F46-BF39C13947DF}
		{7F6EF1DD-20C2-4746-9B3A-7563C68A1A12} = {282A96FC-EFE1-4121-8F46-BF39C13947DF}
		{DB5A7D41-0697-4132-88F3-CF955999A4E0} = {282A96FC-EFE1-4121-8F46-BF39C13947DF}
		{2775FD4C-2B21-4B8E-BEAC-DBE0BB31517E} = {CA7DE571-2E10-4E92-9358-9905EFE4A321}
		{83A68C5D-211A-4D91-A45D-3AC23E8C739C} = {CA7DE571-2E10-4E92-9358-9905EFE4A321}
		{6C8CE10C-42D4-4572-A67E-74407A8A69D9} = {7F6EF1DD-20C2-4746-9B3A-7563C68A1A12}
		{452AB218-75AA-43E3-9D73-965D7C43BFDF} = {7F6EF1DD-20C2-4746-9B3A-7563C68A1A12}
		{E6385861-8E96-41F2-95D3-191EF8BCFA6F} = {7F6EF1DD-20C2-4746-9B3A-7563C68A1A12}
		{F3DC991B-9DF7-43D9-9928-68C885C896CA} = {7F6EF1DD-20C2-4746-9B3A-7563C68A1A12}
		{577A0E0D-6ED8-46BC-AD63-6C213877CA71} = {DB5A7D41-0697-4132-88F3-CF955999A4E0}
		{75F85348-7583-432F-ACF5-889CD2A9A856} = {761B9ED8-405D-4CF7-8094-C9985102416D}
		{386A2F55-9B27-4E06-8234-38A4EFDC8FB7} = {761B9ED8-405D-4CF7-8094-C9985102416D}
		{30FE5F7A-88C8-4435-A30B-9E1B5AAC1D2D} = {761B9ED8-405D-4CF7-8094-C9985102416D}
	EndGlobalSection
	GlobalSection(MonoDevelopProperties) = preSolution
		StartupItem = Sagua.App.iOS\Sagua.App.iOS.csproj
	EndGlobalSection
EndGlobal
