
Microsoft Visual Studio Solution File, Format Version 12.00
# Visual Studio 2013
VisualStudioVersion = 12.0.30501.0
MinimumVisualStudioVersion = 10.0.40219.1
Project("{2150E333-8FDC-42A3-9474-1A3956D46DE8}") = "Client", "Client", "{282A96FC-EFE1-4121-8F46-BF39C13947DF}"
EndProject
Project("{2150E333-8FDC-42A3-9474-1A3956D46DE8}") = "Controls", "Controls", "{CA7DE571-2E10-4E92-9358-9905EFE4A321}"
EndProject
Project("{FAE04EC0-301F-11D3-BF4B-00C04F79EFBC}") = "Sagua.App.Controls", "..\Sagua.App.Framework\Sagua.App.Controls\Sagua.App.Controls.csproj", "{2775FD4C-2B21-4B8E-BEAC-DBE0BB31517E}"
EndProject
Project("{2150E333-8FDC-42A3-9474-1A3956D46DE8}") = "Libs", "Libs", "{7F6EF1DD-20C2-4746-9B3A-7563C68A1A12}"
EndProject
Project("{FAE04EC0-301F-11D3-BF4B-00C04F79EFBC}") = "Sagua.App.Components", "..\Sagua.App.Framework\Sagua.App.Components\Sagua.App.Components.csproj", "{6C8CE10C-42D4-4572-A67E-74407A8A69D9}"
EndProject
Project("{FAE04EC0-301F-11D3-BF4B-00C04F79EFBC}") = "Sagua.App.Common", "..\Sagua.App.Framework\Sagua.App.Common\Sagua.App.Common.csproj", "{577A0E0D-6ED8-46BC-AD63-6C213877CA71}"
EndProject
Project("{FAE04EC0-301F-11D3-BF4B-00C04F79EFBC}") = "Jingying.App.Core", "Jingying.App.Core\Jingying.App.Core.csproj", "{121F8441-7D24-4DC7-A1E0-9D430B37B390}"
EndProject
Project("{2150E333-8FDC-42A3-9474-1A3956D46DE8}") = "Global", "Global", "{761B9ED8-405D-4CF7-8094-C9985102416D}"
EndProject
Project("{FAE04EC0-301F-11D3-BF4B-00C04F79EFBC}") = "Sagua.Global.Common", "..\Sagua.App.Framework\Sagua.Global.Common\Sagua.Global.Common.csproj", "{75F85348-7583-432F-ACF5-889CD2A9A856}"
EndProject
Project("{FAE04EC0-301F-11D3-BF4B-00C04F79EFBC}") = "Jingying.Global.Models", "Jingying.Global.Models\Jingying.Global.Models.csproj", "{6EB36448-C0A7-43F9-BD2E-14933B5235FE}"
EndProject
Project("{FAE04EC0-301F-11D3-BF4B-00C04F79EFBC}") = "Jingying.App.WinPhone", "Jingying.App.WinPhone\Jingying.App.WinPhone.csproj", "{9CCBA0AC-1932-4A91-96BA-D16FCEA36C3E}"
EndProject
Project("{2150E333-8FDC-42A3-9474-1A3956D46DE8}") = "Server", "Server", "{0D5D2B12-3D64-4E37-B28F-11C0B9D6F2CE}"
EndProject
Project("{FAE04EC0-301F-11D3-BF4B-00C04F79EFBC}") = "Jingying.Server.DB.Context", "Jingying.Server.DB.Context\Jingying.Server.DB.Context.csproj", "{FB36C288-1C4A-4AD8-8F91-EE48F281517C}"
EndProject
Project("{FAE04EC0-301F-11D3-BF4B-00C04F79EFBC}") = "Jingying.Server.DB.Models", "Jingying.Server.DB.Models\Jingying.Server.DB.Models.csproj", "{CAC3FD80-4CB2-4C2E-B34B-9858376F59C1}"
EndProject
Project("{FAE04EC0-301F-11D3-BF4B-00C04F79EFBC}") = "Jingying.Server.WebControllers", "Jingying.Server.WebControllers\Jingying.Server.WebControllers.csproj", "{0E384396-55E0-497C-A8FF-2205A68536B8}"
EndProject
Project("{FAE04EC0-301F-11D3-BF4B-00C04F79EFBC}") = "Jingying.Server.WebServer", "Jingying.Server.WebServer\Jingying.Server.WebServer.csproj", "{9D44A808-19BC-4AA0-B832-A937B8E8607E}"
EndProject
Project("{D954291E-2A0B-460D-934E-DC6B0785DB48}") = "Sagua.App.Components.WinPhone", "..\Sagua.App.Framework\Sagua.App.Components.WinPhone\Sagua.App.Components.WinPhone.shproj", "{3D6D798A-E3A1-4239-9C3D-18B38936875B}"
EndProject
Project("{2150E333-8FDC-42A3-9474-1A3956D46DE8}") = "Common", "Common", "{DF3820F4-8205-41F3-B82E-DD2BB9591293}"
EndProject
Global
	GlobalSection(SharedMSBuildProjectFiles) = preSolution
		..\Sagua.App.Framework\Sagua.App.Components.WinPhone\Sagua.App.Components.WinPhone.projitems*{3d6d798a-e3a1-4239-9c3d-18b38936875b}*SharedItemsImports = 13
		..\Sagua.App.Framework\Sagua.App.Components.WinPhone\Sagua.App.Components.WinPhone.projitems*{9ccba0ac-1932-4a91-96ba-d16fcea36c3e}*SharedItemsImports = 4
	EndGlobalSection
	GlobalSection(SolutionConfigurationPlatforms) = preSolution
		Ad-Hoc|Any CPU = Ad-Hoc|Any CPU
		Ad-Hoc|ARM = Ad-Hoc|ARM
		Ad-Hoc|iPhone = Ad-Hoc|iPhone
		Ad-Hoc|iPhoneSimulator = Ad-Hoc|iPhoneSimulator
		Ad-Hoc|x86 = Ad-Hoc|x86
		AppStore|Any CPU = AppStore|Any CPU
		AppStore|ARM = AppStore|ARM
		AppStore|iPhone = AppStore|iPhone
		AppStore|iPhoneSimulator = AppStore|iPhoneSimulator
		AppStore|x86 = AppStore|x86
		Debug|Any CPU = Debug|Any CPU
		Debug|ARM = Debug|ARM
		Debug|iPhone = Debug|iPhone
		Debug|iPhoneSimulator = Debug|iPhoneSimulator
		Debug|x86 = Debug|x86
		Release|Any CPU = Release|Any CPU
		Release|ARM = Release|ARM
		Release|iPhone = Release|iPhone
		Release|iPhoneSimulator = Release|iPhoneSimulator
		Release|x86 = Release|x86
	EndGlobalSection
	GlobalSection(ProjectConfigurationPlatforms) = postSolution
		{2775FD4C-2B21-4B8E-BEAC-DBE0BB31517E}.Ad-Hoc|Any CPU.ActiveCfg = Release|Any CPU
		{2775FD4C-2B21-4B8E-BEAC-DBE0BB31517E}.Ad-Hoc|Any CPU.Build.0 = Release|Any CPU
		{2775FD4C-2B21-4B8E-BEAC-DBE0BB31517E}.Ad-Hoc|ARM.ActiveCfg = Debug|Any CPU
		{2775FD4C-2B21-4B8E-BEAC-DBE0BB31517E}.Ad-Hoc|iPhone.ActiveCfg = Debug|Any CPU
		{2775FD4C-2B21-4B8E-BEAC-DBE0BB31517E}.Ad-Hoc|iPhone.Build.0 = Debug|Any CPU
		{2775FD4C-2B21-4B8E-BEAC-DBE0BB31517E}.Ad-Hoc|iPhoneSimulator.ActiveCfg = Release|Any CPU
		{2775FD4C-2B21-4B8E-BEAC-DBE0BB31517E}.Ad-Hoc|x86.ActiveCfg = Debug|Any CPU
		{2775FD4C-2B21-4B8E-BEAC-DBE0BB31517E}.AppStore|Any CPU.ActiveCfg = Release|Any CPU
		{2775FD4C-2B21-4B8E-BEAC-DBE0BB31517E}.AppStore|Any CPU.Build.0 = Release|Any CPU
		{2775FD4C-2B21-4B8E-BEAC-DBE0BB31517E}.AppStore|ARM.ActiveCfg = Debug|Any CPU
		{2775FD4C-2B21-4B8E-BEAC-DBE0BB31517E}.AppStore|iPhone.ActiveCfg = Debug|Any CPU
		{2775FD4C-2B21-4B8E-BEAC-DBE0BB31517E}.AppStore|iPhone.Build.0 = Debug|Any CPU
		{2775FD4C-2B21-4B8E-BEAC-DBE0BB31517E}.AppStore|iPhoneSimulator.ActiveCfg = Release|Any CPU
		{2775FD4C-2B21-4B8E-BEAC-DBE0BB31517E}.AppStore|x86.ActiveCfg = Debug|Any CPU
		{2775FD4C-2B21-4B8E-BEAC-DBE0BB31517E}.Debug|Any CPU.ActiveCfg = Debug|Any CPU
		{2775FD4C-2B21-4B8E-BEAC-DBE0BB31517E}.Debug|Any CPU.Build.0 = Debug|Any CPU
		{2775FD4C-2B21-4B8E-BEAC-DBE0BB31517E}.Debug|ARM.ActiveCfg = Debug|Any CPU
		{2775FD4C-2B21-4B8E-BEAC-DBE0BB31517E}.Debug|iPhone.ActiveCfg = Debug|Any CPU
		{2775FD4C-2B21-4B8E-BEAC-DBE0BB31517E}.Debug|iPhone.Build.0 = Debug|Any CPU
		{2775FD4C-2B21-4B8E-BEAC-DBE0BB31517E}.Debug|iPhoneSimulator.ActiveCfg = Debug|Any CPU
		{2775FD4C-2B21-4B8E-BEAC-DBE0BB31517E}.Debug|iPhoneSimulator.Build.0 = Debug|Any CPU
		{2775FD4C-2B21-4B8E-BEAC-DBE0BB31517E}.Debug|x86.ActiveCfg = Debug|Any CPU
		{2775FD4C-2B21-4B8E-BEAC-DBE0BB31517E}.Release|Any CPU.ActiveCfg = Release|Any CPU
		{2775FD4C-2B21-4B8E-BEAC-DBE0BB31517E}.Release|Any CPU.Build.0 = Release|Any CPU
		{2775FD4C-2B21-4B8E-BEAC-DBE0BB31517E}.Release|ARM.ActiveCfg = Release|Any CPU
		{2775FD4C-2B21-4B8E-BEAC-DBE0BB31517E}.Release|iPhone.ActiveCfg = Release|Any CPU
		{2775FD4C-2B21-4B8E-BEAC-DBE0BB31517E}.Release|iPhone.Build.0 = Release|Any CPU
		{2775FD4C-2B21-4B8E-BEAC-DBE0BB31517E}.Release|iPhoneSimulator.ActiveCfg = Release|Any CPU
		{2775FD4C-2B21-4B8E-BEAC-DBE0BB31517E}.Release|iPhoneSimulator.Build.0 = Release|Any CPU
		{2775FD4C-2B21-4B8E-BEAC-DBE0BB31517E}.Release|x86.ActiveCfg = Release|Any CPU
		{6C8CE10C-42D4-4572-A67E-74407A8A69D9}.Ad-Hoc|Any CPU.ActiveCfg = Release|Any CPU
		{6C8CE10C-42D4-4572-A67E-74407A8A69D9}.Ad-Hoc|Any CPU.Build.0 = Release|Any CPU
		{6C8CE10C-42D4-4572-A67E-74407A8A69D9}.Ad-Hoc|ARM.ActiveCfg = Debug|Any CPU
		{6C8CE10C-42D4-4572-A67E-74407A8A69D9}.Ad-Hoc|iPhone.ActiveCfg = Debug|Any CPU
		{6C8CE10C-42D4-4572-A67E-74407A8A69D9}.Ad-Hoc|iPhone.Build.0 = Debug|Any CPU
		{6C8CE10C-42D4-4572-A67E-74407A8A69D9}.Ad-Hoc|iPhoneSimulator.ActiveCfg = Release|Any CPU
		{6C8CE10C-42D4-4572-A67E-74407A8A69D9}.Ad-Hoc|x86.ActiveCfg = Debug|Any CPU
		{6C8CE10C-42D4-4572-A67E-74407A8A69D9}.AppStore|Any CPU.ActiveCfg = Release|Any CPU
		{6C8CE10C-42D4-4572-A67E-74407A8A69D9}.AppStore|Any CPU.Build.0 = Release|Any CPU
		{6C8CE10C-42D4-4572-A67E-74407A8A69D9}.AppStore|ARM.ActiveCfg = Debug|Any CPU
		{6C8CE10C-42D4-4572-A67E-74407A8A69D9}.AppStore|iPhone.ActiveCfg = Debug|Any CPU
		{6C8CE10C-42D4-4572-A67E-74407A8A69D9}.AppStore|iPhone.Build.0 = Debug|Any CPU
		{6C8CE10C-42D4-4572-A67E-74407A8A69D9}.AppStore|iPhoneSimulator.ActiveCfg = Release|Any CPU
		{6C8CE10C-42D4-4572-A67E-74407A8A69D9}.AppStore|x86.ActiveCfg = Debug|Any CPU
		{6C8CE10C-42D4-4572-A67E-74407A8A69D9}.Debug|Any CPU.ActiveCfg = Debug|Any CPU
		{6C8CE10C-42D4-4572-A67E-74407A8A69D9}.Debug|Any CPU.Build.0 = Debug|Any CPU
		{6C8CE10C-42D4-4572-A67E-74407A8A69D9}.Debug|ARM.ActiveCfg = Debug|Any CPU
		{6C8CE10C-42D4-4572-A67E-74407A8A69D9}.Debug|iPhone.ActiveCfg = Debug|Any CPU
		{6C8CE10C-42D4-4572-A67E-74407A8A69D9}.Debug|iPhone.Build.0 = Debug|Any CPU
		{6C8CE10C-42D4-4572-A67E-74407A8A69D9}.Debug|iPhoneSimulator.ActiveCfg = Debug|Any CPU
		{6C8CE10C-42D4-4572-A67E-74407A8A69D9}.Debug|iPhoneSimulator.Build.0 = Debug|Any CPU
		{6C8CE10C-42D4-4572-A67E-74407A8A69D9}.Debug|x86.ActiveCfg = Debug|Any CPU
		{6C8CE10C-42D4-4572-A67E-74407A8A69D9}.Release|Any CPU.ActiveCfg = Release|Any CPU
		{6C8CE10C-42D4-4572-A67E-74407A8A69D9}.Release|Any CPU.Build.0 = Release|Any CPU
		{6C8CE10C-42D4-4572-A67E-74407A8A69D9}.Release|ARM.ActiveCfg = Release|Any CPU
		{6C8CE10C-42D4-4572-A67E-74407A8A69D9}.Release|iPhone.ActiveCfg = Release|Any CPU
		{6C8CE10C-42D4-4572-A67E-74407A8A69D9}.Release|iPhone.Build.0 = Release|Any CPU
		{6C8CE10C-42D4-4572-A67E-74407A8A69D9}.Release|iPhoneSimulator.ActiveCfg = Release|Any CPU
		{6C8CE10C-42D4-4572-A67E-74407A8A69D9}.Release|iPhoneSimulator.Build.0 = Release|Any CPU
		{6C8CE10C-42D4-4572-A67E-74407A8A69D9}.Release|x86.ActiveCfg = Release|Any CPU
		{577A0E0D-6ED8-46BC-AD63-6C213877CA71}.Ad-Hoc|Any CPU.ActiveCfg = Release|Any CPU
		{577A0E0D-6ED8-46BC-AD63-6C213877CA71}.Ad-Hoc|Any CPU.Build.0 = Release|Any CPU
		{577A0E0D-6ED8-46BC-AD63-6C213877CA71}.Ad-Hoc|ARM.ActiveCfg = Debug|Any CPU
		{577A0E0D-6ED8-46BC-AD63-6C213877CA71}.Ad-Hoc|iPhone.ActiveCfg = Debug|Any CPU
		{577A0E0D-6ED8-46BC-AD63-6C213877CA71}.Ad-Hoc|iPhone.Build.0 = Debug|Any CPU
		{577A0E0D-6ED8-46BC-AD63-6C213877CA71}.Ad-Hoc|iPhoneSimulator.ActiveCfg = Release|Any CPU
		{577A0E0D-6ED8-46BC-AD63-6C213877CA71}.Ad-Hoc|x86.ActiveCfg = Debug|Any CPU
		{577A0E0D-6ED8-46BC-AD63-6C213877CA71}.AppStore|Any CPU.ActiveCfg = Release|Any CPU
		{577A0E0D-6ED8-46BC-AD63-6C213877CA71}.AppStore|Any CPU.Build.0 = Release|Any CPU
		{577A0E0D-6ED8-46BC-AD63-6C213877CA71}.AppStore|ARM.ActiveCfg = Debug|Any CPU
		{577A0E0D-6ED8-46BC-AD63-6C213877CA71}.AppStore|iPhone.ActiveCfg = Debug|Any CPU
		{577A0E0D-6ED8-46BC-AD63-6C213877CA71}.AppStore|iPhone.Build.0 = Debug|Any CPU
		{577A0E0D-6ED8-46BC-AD63-6C213877CA71}.AppStore|iPhoneSimulator.ActiveCfg = Release|Any CPU
		{577A0E0D-6ED8-46BC-AD63-6C213877CA71}.AppStore|x86.ActiveCfg = Debug|Any CPU
		{577A0E0D-6ED8-46BC-AD63-6C213877CA71}.Debug|Any CPU.ActiveCfg = Debug|Any CPU
		{577A0E0D-6ED8-46BC-AD63-6C213877CA71}.Debug|Any CPU.Build.0 = Debug|Any CPU
		{577A0E0D-6ED8-46BC-AD63-6C213877CA71}.Debug|ARM.ActiveCfg = Debug|Any CPU
		{577A0E0D-6ED8-46BC-AD63-6C213877CA71}.Debug|iPhone.ActiveCfg = Debug|Any CPU
		{577A0E0D-6ED8-46BC-AD63-6C213877CA71}.Debug|iPhone.Build.0 = Debug|Any CPU
		{577A0E0D-6ED8-46BC-AD63-6C213877CA71}.Debug|iPhoneSimulator.ActiveCfg = Debug|Any CPU
		{577A0E0D-6ED8-46BC-AD63-6C213877CA71}.Debug|iPhoneSimulator.Build.0 = Debug|Any CPU
		{577A0E0D-6ED8-46BC-AD63-6C213877CA71}.Debug|x86.ActiveCfg = Debug|Any CPU
		{577A0E0D-6ED8-46BC-AD63-6C213877CA71}.Release|Any CPU.ActiveCfg = Release|Any CPU
		{577A0E0D-6ED8-46BC-AD63-6C213877CA71}.Release|Any CPU.Build.0 = Release|Any CPU
		{577A0E0D-6ED8-46BC-AD63-6C213877CA71}.Release|ARM.ActiveCfg = Release|Any CPU
		{577A0E0D-6ED8-46BC-AD63-6C213877CA71}.Release|iPhone.ActiveCfg = Release|Any CPU
		{577A0E0D-6ED8-46BC-AD63-6C213877CA71}.Release|iPhone.Build.0 = Release|Any CPU
		{577A0E0D-6ED8-46BC-AD63-6C213877CA71}.Release|iPhoneSimulator.ActiveCfg = Release|Any CPU
		{577A0E0D-6ED8-46BC-AD63-6C213877CA71}.Release|iPhoneSimulator.Build.0 = Release|Any CPU
		{577A0E0D-6ED8-46BC-AD63-6C213877CA71}.Release|x86.ActiveCfg = Release|Any CPU
		{121F8441-7D24-4DC7-A1E0-9D430B37B390}.Ad-Hoc|Any CPU.ActiveCfg = Release|Any CPU
		{121F8441-7D24-4DC7-A1E0-9D430B37B390}.Ad-Hoc|Any CPU.Build.0 = Release|Any CPU
		{121F8441-7D24-4DC7-A1E0-9D430B37B390}.Ad-Hoc|ARM.ActiveCfg = Debug|Any CPU
		{121F8441-7D24-4DC7-A1E0-9D430B37B390}.Ad-Hoc|iPhone.ActiveCfg = Debug|Any CPU
		{121F8441-7D24-4DC7-A1E0-9D430B37B390}.Ad-Hoc|iPhone.Build.0 = Debug|Any CPU
		{121F8441-7D24-4DC7-A1E0-9D430B37B390}.Ad-Hoc|iPhoneSimulator.ActiveCfg = Release|Any CPU
		{121F8441-7D24-4DC7-A1E0-9D430B37B390}.Ad-Hoc|x86.ActiveCfg = Debug|Any CPU
		{121F8441-7D24-4DC7-A1E0-9D430B37B390}.AppStore|Any CPU.ActiveCfg = Release|Any CPU
		{121F8441-7D24-4DC7-A1E0-9D430B37B390}.AppStore|Any CPU.Build.0 = Release|Any CPU
		{121F8441-7D24-4DC7-A1E0-9D430B37B390}.AppStore|ARM.ActiveCfg = Debug|Any CPU
		{121F8441-7D24-4DC7-A1E0-9D430B37B390}.AppStore|iPhone.ActiveCfg = Debug|Any CPU
		{121F8441-7D24-4DC7-A1E0-9D430B37B390}.AppStore|iPhone.Build.0 = Debug|Any CPU
		{121F8441-7D24-4DC7-A1E0-9D430B37B390}.AppStore|iPhoneSimulator.ActiveCfg = Release|Any CPU
		{121F8441-7D24-4DC7-A1E0-9D430B37B390}.AppStore|x86.ActiveCfg = Debug|Any CPU
		{121F8441-7D24-4DC7-A1E0-9D430B37B390}.Debug|Any CPU.ActiveCfg = Debug|Any CPU
		{121F8441-7D24-4DC7-A1E0-9D430B37B390}.Debug|Any CPU.Build.0 = Debug|Any CPU
		{121F8441-7D24-4DC7-A1E0-9D430B37B390}.Debug|ARM.ActiveCfg = Debug|Any CPU
		{121F8441-7D24-4DC7-A1E0-9D430B37B390}.Debug|iPhone.ActiveCfg = Debug|Any CPU
		{121F8441-7D24-4DC7-A1E0-9D430B37B390}.Debug|iPhone.Build.0 = Debug|Any CPU
		{121F8441-7D24-4DC7-A1E0-9D430B37B390}.Debug|iPhoneSimulator.ActiveCfg = Debug|Any CPU
		{121F8441-7D24-4DC7-A1E0-9D430B37B390}.Debug|iPhoneSimulator.Build.0 = Debug|Any CPU
		{121F8441-7D24-4DC7-A1E0-9D430B37B390}.Debug|x86.ActiveCfg = Debug|Any CPU
		{121F8441-7D24-4DC7-A1E0-9D430B37B390}.Release|Any CPU.ActiveCfg = Release|Any CPU
		{121F8441-7D24-4DC7-A1E0-9D430B37B390}.Release|Any CPU.Build.0 = Release|Any CPU
		{121F8441-7D24-4DC7-A1E0-9D430B37B390}.Release|ARM.ActiveCfg = Release|Any CPU
		{121F8441-7D24-4DC7-A1E0-9D430B37B390}.Release|iPhone.ActiveCfg = Release|Any CPU
		{121F8441-7D24-4DC7-A1E0-9D430B37B390}.Release|iPhone.Build.0 = Release|Any CPU
		{121F8441-7D24-4DC7-A1E0-9D430B37B390}.Release|iPhoneSimulator.ActiveCfg = Release|Any CPU
		{121F8441-7D24-4DC7-A1E0-9D430B37B390}.Release|iPhoneSimulator.Build.0 = Release|Any CPU
		{121F8441-7D24-4DC7-A1E0-9D430B37B390}.Release|x86.ActiveCfg = Release|Any CPU
		{75F85348-7583-432F-ACF5-889CD2A9A856}.Ad-Hoc|Any CPU.ActiveCfg = Release|Any CPU
		{75F85348-7583-432F-ACF5-889CD2A9A856}.Ad-Hoc|Any CPU.Build.0 = Release|Any CPU
		{75F85348-7583-432F-ACF5-889CD2A9A856}.Ad-Hoc|ARM.ActiveCfg = Debug|Any CPU
		{75F85348-7583-432F-ACF5-889CD2A9A856}.Ad-Hoc|iPhone.ActiveCfg = Debug|Any CPU
		{75F85348-7583-432F-ACF5-889CD2A9A856}.Ad-Hoc|iPhone.Build.0 = Debug|Any CPU
		{75F85348-7583-432F-ACF5-889CD2A9A856}.Ad-Hoc|iPhoneSimulator.ActiveCfg = Release|Any CPU
		{75F85348-7583-432F-ACF5-889CD2A9A856}.Ad-Hoc|x86.ActiveCfg = Debug|Any CPU
		{75F85348-7583-432F-ACF5-889CD2A9A856}.AppStore|Any CPU.ActiveCfg = Release|Any CPU
		{75F85348-7583-432F-ACF5-889CD2A9A856}.AppStore|Any CPU.Build.0 = Release|Any CPU
		{75F85348-7583-432F-ACF5-889CD2A9A856}.AppStore|ARM.ActiveCfg = Debug|Any CPU
		{75F85348-7583-432F-ACF5-889CD2A9A856}.AppStore|iPhone.ActiveCfg = Debug|Any CPU
		{75F85348-7583-432F-ACF5-889CD2A9A856}.AppStore|iPhone.Build.0 = Debug|Any CPU
		{75F85348-7583-432F-ACF5-889CD2A9A856}.AppStore|iPhoneSimulator.ActiveCfg = Release|Any CPU
		{75F85348-7583-432F-ACF5-889CD2A9A856}.AppStore|x86.ActiveCfg = Debug|Any CPU
		{75F85348-7583-432F-ACF5-889CD2A9A856}.Debug|Any CPU.ActiveCfg = Debug|Any CPU
		{75F85348-7583-432F-ACF5-889CD2A9A856}.Debug|Any CPU.Build.0 = Debug|Any CPU
		{75F85348-7583-432F-ACF5-889CD2A9A856}.Debug|ARM.ActiveCfg = Debug|Any CPU
		{75F85348-7583-432F-ACF5-889CD2A9A856}.Debug|iPhone.ActiveCfg = Debug|Any CPU
		{75F85348-7583-432F-ACF5-889CD2A9A856}.Debug|iPhone.Build.0 = Debug|Any CPU
		{75F85348-7583-432F-ACF5-889CD2A9A856}.Debug|iPhoneSimulator.ActiveCfg = Debug|Any CPU
		{75F85348-7583-432F-ACF5-889CD2A9A856}.Debug|iPhoneSimulator.Build.0 = Debug|Any CPU
		{75F85348-7583-432F-ACF5-889CD2A9A856}.Debug|x86.ActiveCfg = Debug|Any CPU
		{75F85348-7583-432F-ACF5-889CD2A9A856}.Release|Any CPU.ActiveCfg = Release|Any CPU
		{75F85348-7583-432F-ACF5-889CD2A9A856}.Release|Any CPU.Build.0 = Release|Any CPU
		{75F85348-7583-432F-ACF5-889CD2A9A856}.Release|ARM.ActiveCfg = Release|Any CPU
		{75F85348-7583-432F-ACF5-889CD2A9A856}.Release|iPhone.ActiveCfg = Release|Any CPU
		{75F85348-7583-432F-ACF5-889CD2A9A856}.Release|iPhone.Build.0 = Release|Any CPU
		{75F85348-7583-432F-ACF5-889CD2A9A856}.Release|iPhoneSimulator.ActiveCfg = Release|Any CPU
		{75F85348-7583-432F-ACF5-889CD2A9A856}.Release|iPhoneSimulator.Build.0 = Release|Any CPU
		{75F85348-7583-432F-ACF5-889CD2A9A856}.Release|x86.ActiveCfg = Release|Any CPU
		{6EB36448-C0A7-43F9-BD2E-14933B5235FE}.Ad-Hoc|Any CPU.ActiveCfg = Release|Any CPU
		{6EB36448-C0A7-43F9-BD2E-14933B5235FE}.Ad-Hoc|Any CPU.Build.0 = Release|Any CPU
		{6EB36448-C0A7-43F9-BD2E-14933B5235FE}.Ad-Hoc|ARM.ActiveCfg = Debug|Any CPU
		{6EB36448-C0A7-43F9-BD2E-14933B5235FE}.Ad-Hoc|iPhone.ActiveCfg = Debug|Any CPU
		{6EB36448-C0A7-43F9-BD2E-14933B5235FE}.Ad-Hoc|iPhone.Build.0 = Debug|Any CPU
		{6EB36448-C0A7-43F9-BD2E-14933B5235FE}.Ad-Hoc|iPhoneSimulator.ActiveCfg = Release|Any CPU
		{6EB36448-C0A7-43F9-BD2E-14933B5235FE}.Ad-Hoc|x86.ActiveCfg = Debug|Any CPU
		{6EB36448-C0A7-43F9-BD2E-14933B5235FE}.AppStore|Any CPU.ActiveCfg = Release|Any CPU
		{6EB36448-C0A7-43F9-BD2E-14933B5235FE}.AppStore|Any CPU.Build.0 = Release|Any CPU
		{6EB36448-C0A7-43F9-BD2E-14933B5235FE}.AppStore|ARM.ActiveCfg = Debug|Any CPU
		{6EB36448-C0A7-43F9-BD2E-14933B5235FE}.AppStore|iPhone.ActiveCfg = Debug|Any CPU
		{6EB36448-C0A7-43F9-BD2E-14933B5235FE}.AppStore|iPhone.Build.0 = Debug|Any CPU
		{6EB36448-C0A7-43F9-BD2E-14933B5235FE}.AppStore|iPhoneSimulator.ActiveCfg = Release|Any CPU
		{6EB36448-C0A7-43F9-BD2E-14933B5235FE}.AppStore|x86.ActiveCfg = Debug|Any CPU
		{6EB36448-C0A7-43F9-BD2E-14933B5235FE}.Debug|Any CPU.ActiveCfg = Debug|Any CPU
		{6EB36448-C0A7-43F9-BD2E-14933B5235FE}.Debug|Any CPU.Build.0 = Debug|Any CPU
		{6EB36448-C0A7-43F9-BD2E-14933B5235FE}.Debug|ARM.ActiveCfg = Debug|Any CPU
		{6EB36448-C0A7-43F9-BD2E-14933B5235FE}.Debug|iPhone.ActiveCfg = Debug|Any CPU
		{6EB36448-C0A7-43F9-BD2E-14933B5235FE}.Debug|iPhone.Build.0 = Debug|Any CPU
		{6EB36448-C0A7-43F9-BD2E-14933B5235FE}.Debug|iPhoneSimulator.ActiveCfg = Debug|Any CPU
		{6EB36448-C0A7-43F9-BD2E-14933B5235FE}.Debug|iPhoneSimulator.Build.0 = Debug|Any CPU
		{6EB36448-C0A7-43F9-BD2E-14933B5235FE}.Debug|x86.ActiveCfg = Debug|Any CPU
		{6EB36448-C0A7-43F9-BD2E-14933B5235FE}.Release|Any CPU.ActiveCfg = Release|Any CPU
		{6EB36448-C0A7-43F9-BD2E-14933B5235FE}.Release|Any CPU.Build.0 = Release|Any CPU
		{6EB36448-C0A7-43F9-BD2E-14933B5235FE}.Release|ARM.ActiveCfg = Release|Any CPU
		{6EB36448-C0A7-43F9-BD2E-14933B5235FE}.Release|iPhone.ActiveCfg = Release|Any CPU
		{6EB36448-C0A7-43F9-BD2E-14933B5235FE}.Release|iPhone.Build.0 = Release|Any CPU
		{6EB36448-C0A7-43F9-BD2E-14933B5235FE}.Release|iPhoneSimulator.ActiveCfg = Release|Any CPU
		{6EB36448-C0A7-43F9-BD2E-14933B5235FE}.Release|iPhoneSimulator.Build.0 = Release|Any CPU
		{6EB36448-C0A7-43F9-BD2E-14933B5235FE}.Release|x86.ActiveCfg = Release|Any CPU
		{9CCBA0AC-1932-4A91-96BA-D16FCEA36C3E}.Ad-Hoc|Any CPU.ActiveCfg = Release|Any CPU
		{9CCBA0AC-1932-4A91-96BA-D16FCEA36C3E}.Ad-Hoc|Any CPU.Build.0 = Release|Any CPU
		{9CCBA0AC-1932-4A91-96BA-D16FCEA36C3E}.Ad-Hoc|Any CPU.Deploy.0 = Release|Any CPU
		{9CCBA0AC-1932-4A91-96BA-D16FCEA36C3E}.Ad-Hoc|ARM.ActiveCfg = Release|ARM
		{9CCBA0AC-1932-4A91-96BA-D16FCEA36C3E}.Ad-Hoc|ARM.Build.0 = Release|ARM
		{9CCBA0AC-1932-4A91-96BA-D16FCEA36C3E}.Ad-Hoc|ARM.Deploy.0 = Release|ARM
		{9CCBA0AC-1932-4A91-96BA-D16FCEA36C3E}.Ad-Hoc|iPhone.ActiveCfg = Release|Any CPU
		{9CCBA0AC-1932-4A91-96BA-D16FCEA36C3E}.Ad-Hoc|iPhoneSimulator.ActiveCfg = Release|Any CPU
		{9CCBA0AC-1932-4A91-96BA-D16FCEA36C3E}.Ad-Hoc|x86.ActiveCfg = Release|x86
		{9CCBA0AC-1932-4A91-96BA-D16FCEA36C3E}.Ad-Hoc|x86.Build.0 = Release|x86
		{9CCBA0AC-1932-4A91-96BA-D16FCEA36C3E}.Ad-Hoc|x86.Deploy.0 = Release|x86
		{9CCBA0AC-1932-4A91-96BA-D16FCEA36C3E}.AppStore|Any CPU.ActiveCfg = Release|Any CPU
		{9CCBA0AC-1932-4A91-96BA-D16FCEA36C3E}.AppStore|Any CPU.Build.0 = Release|Any CPU
		{9CCBA0AC-1932-4A91-96BA-D16FCEA36C3E}.AppStore|Any CPU.Deploy.0 = Release|Any CPU
		{9CCBA0AC-1932-4A91-96BA-D16FCEA36C3E}.AppStore|ARM.ActiveCfg = Release|ARM
		{9CCBA0AC-1932-4A91-96BA-D16FCEA36C3E}.AppStore|ARM.Build.0 = Release|ARM
		{9CCBA0AC-1932-4A91-96BA-D16FCEA36C3E}.AppStore|ARM.Deploy.0 = Release|ARM
		{9CCBA0AC-1932-4A91-96BA-D16FCEA36C3E}.AppStore|iPhone.ActiveCfg = Release|Any CPU
		{9CCBA0AC-1932-4A91-96BA-D16FCEA36C3E}.AppStore|iPhoneSimulator.ActiveCfg = Release|Any CPU
		{9CCBA0AC-1932-4A91-96BA-D16FCEA36C3E}.AppStore|x86.ActiveCfg = Release|x86
		{9CCBA0AC-1932-4A91-96BA-D16FCEA36C3E}.AppStore|x86.Build.0 = Release|x86
		{9CCBA0AC-1932-4A91-96BA-D16FCEA36C3E}.AppStore|x86.Deploy.0 = Release|x86
		{9CCBA0AC-1932-4A91-96BA-D16FCEA36C3E}.Debug|Any CPU.ActiveCfg = Debug|Any CPU
		{9CCBA0AC-1932-4A91-96BA-D16FCEA36C3E}.Debug|Any CPU.Build.0 = Debug|Any CPU
		{9CCBA0AC-1932-4A91-96BA-D16FCEA36C3E}.Debug|Any CPU.Deploy.0 = Debug|Any CPU
		{9CCBA0AC-1932-4A91-96BA-D16FCEA36C3E}.Debug|ARM.ActiveCfg = Debug|ARM
		{9CCBA0AC-1932-4A91-96BA-D16FCEA36C3E}.Debug|ARM.Build.0 = Debug|ARM
		{9CCBA0AC-1932-4A91-96BA-D16FCEA36C3E}.Debug|ARM.Deploy.0 = Debug|ARM
		{9CCBA0AC-1932-4A91-96BA-D16FCEA36C3E}.Debug|iPhone.ActiveCfg = Debug|Any CPU
		{9CCBA0AC-1932-4A91-96BA-D16FCEA36C3E}.Debug|iPhoneSimulator.ActiveCfg = Debug|Any CPU
		{9CCBA0AC-1932-4A91-96BA-D16FCEA36C3E}.Debug|x86.ActiveCfg = Debug|x86
		{9CCBA0AC-1932-4A91-96BA-D16FCEA36C3E}.Debug|x86.Build.0 = Debug|x86
		{9CCBA0AC-1932-4A91-96BA-D16FCEA36C3E}.Debug|x86.Deploy.0 = Debug|x86
		{9CCBA0AC-1932-4A91-96BA-D16FCEA36C3E}.Release|Any CPU.ActiveCfg = Release|Any CPU
		{9CCBA0AC-1932-4A91-96BA-D16FCEA36C3E}.Release|Any CPU.Build.0 = Release|Any CPU
		{9CCBA0AC-1932-4A91-96BA-D16FCEA36C3E}.Release|Any CPU.Deploy.0 = Release|Any CPU
		{9CCBA0AC-1932-4A91-96BA-D16FCEA36C3E}.Release|ARM.ActiveCfg = Release|ARM
		{9CCBA0AC-1932-4A91-96BA-D16FCEA36C3E}.Release|ARM.Build.0 = Release|ARM
		{9CCBA0AC-1932-4A91-96BA-D16FCEA36C3E}.Release|ARM.Deploy.0 = Release|ARM
		{9CCBA0AC-1932-4A91-96BA-D16FCEA36C3E}.Release|iPhone.ActiveCfg = Release|Any CPU
		{9CCBA0AC-1932-4A91-96BA-D16FCEA36C3E}.Release|iPhoneSimulator.ActiveCfg = Release|Any CPU
		{9CCBA0AC-1932-4A91-96BA-D16FCEA36C3E}.Release|x86.ActiveCfg = Release|x86
		{9CCBA0AC-1932-4A91-96BA-D16FCEA36C3E}.Release|x86.Build.0 = Release|x86
		{9CCBA0AC-1932-4A91-96BA-D16FCEA36C3E}.Release|x86.Deploy.0 = Release|x86
		{FB36C288-1C4A-4AD8-8F91-EE48F281517C}.Ad-Hoc|Any CPU.ActiveCfg = Release|Any CPU
		{FB36C288-1C4A-4AD8-8F91-EE48F281517C}.Ad-Hoc|Any CPU.Build.0 = Release|Any CPU
		{FB36C288-1C4A-4AD8-8F91-EE48F281517C}.Ad-Hoc|ARM.ActiveCfg = Release|Any CPU
		{FB36C288-1C4A-4AD8-8F91-EE48F281517C}.Ad-Hoc|iPhone.ActiveCfg = Release|Any CPU
		{FB36C288-1C4A-4AD8-8F91-EE48F281517C}.Ad-Hoc|iPhoneSimulator.ActiveCfg = Release|Any CPU
		{FB36C288-1C4A-4AD8-8F91-EE48F281517C}.Ad-Hoc|x86.ActiveCfg = Release|Any CPU
		{FB36C288-1C4A-4AD8-8F91-EE48F281517C}.AppStore|Any CPU.ActiveCfg = Release|Any CPU
		{FB36C288-1C4A-4AD8-8F91-EE48F281517C}.AppStore|Any CPU.Build.0 = Release|Any CPU
		{FB36C288-1C4A-4AD8-8F91-EE48F281517C}.AppStore|ARM.ActiveCfg = Release|Any CPU
		{FB36C288-1C4A-4AD8-8F91-EE48F281517C}.AppStore|iPhone.ActiveCfg = Release|Any CPU
		{FB36C288-1C4A-4AD8-8F91-EE48F281517C}.AppStore|iPhoneSimulator.ActiveCfg = Release|Any CPU
		{FB36C288-1C4A-4AD8-8F91-EE48F281517C}.AppStore|x86.ActiveCfg = Release|Any CPU
		{FB36C288-1C4A-4AD8-8F91-EE48F281517C}.Debug|Any CPU.ActiveCfg = Debug|Any CPU
		{FB36C288-1C4A-4AD8-8F91-EE48F281517C}.Debug|Any CPU.Build.0 = Debug|Any CPU
		{FB36C288-1C4A-4AD8-8F91-EE48F281517C}.Debug|ARM.ActiveCfg = Debug|Any CPU
		{FB36C288-1C4A-4AD8-8F91-EE48F281517C}.Debug|iPhone.ActiveCfg = Debug|Any CPU
		{FB36C288-1C4A-4AD8-8F91-EE48F281517C}.Debug|iPhoneSimulator.ActiveCfg = Debug|Any CPU
		{FB36C288-1C4A-4AD8-8F91-EE48F281517C}.Debug|x86.ActiveCfg = Debug|Any CPU
		{FB36C288-1C4A-4AD8-8F91-EE48F281517C}.Release|Any CPU.ActiveCfg = Release|Any CPU
		{FB36C288-1C4A-4AD8-8F91-EE48F281517C}.Release|Any CPU.Build.0 = Release|Any CPU
		{FB36C288-1C4A-4AD8-8F91-EE48F281517C}.Release|ARM.ActiveCfg = Release|Any CPU
		{FB36C288-1C4A-4AD8-8F91-EE48F281517C}.Release|iPhone.ActiveCfg = Release|Any CPU
		{FB36C288-1C4A-4AD8-8F91-EE48F281517C}.Release|iPhoneSimulator.ActiveCfg = Release|Any CPU
		{FB36C288-1C4A-4AD8-8F91-EE48F281517C}.Release|x86.ActiveCfg = Release|Any CPU
		{CAC3FD80-4CB2-4C2E-B34B-9858376F59C1}.Ad-Hoc|Any CPU.ActiveCfg = Release|Any CPU
		{CAC3FD80-4CB2-4C2E-B34B-9858376F59C1}.Ad-Hoc|Any CPU.Build.0 = Release|Any CPU
		{CAC3FD80-4CB2-4C2E-B34B-9858376F59C1}.Ad-Hoc|ARM.ActiveCfg = Release|Any CPU
		{CAC3FD80-4CB2-4C2E-B34B-9858376F59C1}.Ad-Hoc|iPhone.ActiveCfg = Release|Any CPU
		{CAC3FD80-4CB2-4C2E-B34B-9858376F59C1}.Ad-Hoc|iPhoneSimulator.ActiveCfg = Release|Any CPU
		{CAC3FD80-4CB2-4C2E-B34B-9858376F59C1}.Ad-Hoc|x86.ActiveCfg = Release|Any CPU
		{CAC3FD80-4CB2-4C2E-B34B-9858376F59C1}.AppStore|Any CPU.ActiveCfg = Release|Any CPU
		{CAC3FD80-4CB2-4C2E-B34B-9858376F59C1}.AppStore|Any CPU.Build.0 = Release|Any CPU
		{CAC3FD80-4CB2-4C2E-B34B-9858376F59C1}.AppStore|ARM.ActiveCfg = Release|Any CPU
		{CAC3FD80-4CB2-4C2E-B34B-9858376F59C1}.AppStore|iPhone.ActiveCfg = Release|Any CPU
		{CAC3FD80-4CB2-4C2E-B34B-9858376F59C1}.AppStore|iPhoneSimulator.ActiveCfg = Release|Any CPU
		{CAC3FD80-4CB2-4C2E-B34B-9858376F59C1}.AppStore|x86.ActiveCfg = Release|Any CPU
		{CAC3FD80-4CB2-4C2E-B34B-9858376F59C1}.Debug|Any CPU.ActiveCfg = Debug|Any CPU
		{CAC3FD80-4CB2-4C2E-B34B-9858376F59C1}.Debug|Any CPU.Build.0 = Debug|Any CPU
		{CAC3FD80-4CB2-4C2E-B34B-9858376F59C1}.Debug|ARM.ActiveCfg = Debug|Any CPU
		{CAC3FD80-4CB2-4C2E-B34B-9858376F59C1}.Debug|iPhone.ActiveCfg = Debug|Any CPU
		{CAC3FD80-4CB2-4C2E-B34B-9858376F59C1}.Debug|iPhoneSimulator.ActiveCfg = Debug|Any CPU
		{CAC3FD80-4CB2-4C2E-B34B-9858376F59C1}.Debug|x86.ActiveCfg = Debug|Any CPU
		{CAC3FD80-4CB2-4C2E-B34B-9858376F59C1}.Release|Any CPU.ActiveCfg = Release|Any CPU
		{CAC3FD80-4CB2-4C2E-B34B-9858376F59C1}.Release|Any CPU.Build.0 = Release|Any CPU
		{CAC3FD80-4CB2-4C2E-B34B-9858376F59C1}.Release|ARM.ActiveCfg = Release|Any CPU
		{CAC3FD80-4CB2-4C2E-B34B-9858376F59C1}.Release|iPhone.ActiveCfg = Release|Any CPU
		{CAC3FD80-4CB2-4C2E-B34B-9858376F59C1}.Release|iPhoneSimulator.ActiveCfg = Release|Any CPU
		{CAC3FD80-4CB2-4C2E-B34B-9858376F59C1}.Release|x86.ActiveCfg = Release|Any CPU
		{0E384396-55E0-497C-A8FF-2205A68536B8}.Ad-Hoc|Any CPU.ActiveCfg = Release|Any CPU
		{0E384396-55E0-497C-A8FF-2205A68536B8}.Ad-Hoc|Any CPU.Build.0 = Release|Any CPU
		{0E384396-55E0-497C-A8FF-2205A68536B8}.Ad-Hoc|ARM.ActiveCfg = Release|Any CPU
		{0E384396-55E0-497C-A8FF-2205A68536B8}.Ad-Hoc|iPhone.ActiveCfg = Release|Any CPU
		{0E384396-55E0-497C-A8FF-2205A68536B8}.Ad-Hoc|iPhoneSimulator.ActiveCfg = Release|Any CPU
		{0E384396-55E0-497C-A8FF-2205A68536B8}.Ad-Hoc|x86.ActiveCfg = Release|Any CPU
		{0E384396-55E0-497C-A8FF-2205A68536B8}.AppStore|Any CPU.ActiveCfg = Release|Any CPU
		{0E384396-55E0-497C-A8FF-2205A68536B8}.AppStore|Any CPU.Build.0 = Release|Any CPU
		{0E384396-55E0-497C-A8FF-2205A68536B8}.AppStore|ARM.ActiveCfg = Release|Any CPU
		{0E384396-55E0-497C-A8FF-2205A68536B8}.AppStore|iPhone.ActiveCfg = Release|Any CPU
		{0E384396-55E0-497C-A8FF-2205A68536B8}.AppStore|iPhoneSimulator.ActiveCfg = Release|Any CPU
		{0E384396-55E0-497C-A8FF-2205A68536B8}.AppStore|x86.ActiveCfg = Release|Any CPU
		{0E384396-55E0-497C-A8FF-2205A68536B8}.Debug|Any CPU.ActiveCfg = Debug|Any CPU
		{0E384396-55E0-497C-A8FF-2205A68536B8}.Debug|Any CPU.Build.0 = Debug|Any CPU
		{0E384396-55E0-497C-A8FF-2205A68536B8}.Debug|ARM.ActiveCfg = Debug|Any CPU
		{0E384396-55E0-497C-A8FF-2205A68536B8}.Debug|iPhone.ActiveCfg = Debug|Any CPU
		{0E384396-55E0-497C-A8FF-2205A68536B8}.Debug|iPhoneSimulator.ActiveCfg = Debug|Any CPU
		{0E384396-55E0-497C-A8FF-2205A68536B8}.Debug|x86.ActiveCfg = Debug|Any CPU
		{0E384396-55E0-497C-A8FF-2205A68536B8}.Release|Any CPU.ActiveCfg = Release|Any CPU
		{0E384396-55E0-497C-A8FF-2205A68536B8}.Release|Any CPU.Build.0 = Release|Any CPU
		{0E384396-55E0-497C-A8FF-2205A68536B8}.Release|ARM.ActiveCfg = Release|Any CPU
		{0E384396-55E0-497C-A8FF-2205A68536B8}.Release|iPhone.ActiveCfg = Release|Any CPU
		{0E384396-55E0-497C-A8FF-2205A68536B8}.Release|iPhoneSimulator.ActiveCfg = Release|Any CPU
		{0E384396-55E0-497C-A8FF-2205A68536B8}.Release|x86.ActiveCfg = Release|Any CPU
		{9D44A808-19BC-4AA0-B832-A937B8E8607E}.Ad-Hoc|Any CPU.ActiveCfg = Release|Any CPU
		{9D44A808-19BC-4AA0-B832-A937B8E8607E}.Ad-Hoc|Any CPU.Build.0 = Release|Any CPU
		{9D44A808-19BC-4AA0-B832-A937B8E8607E}.Ad-Hoc|ARM.ActiveCfg = Release|Any CPU
		{9D44A808-19BC-4AA0-B832-A937B8E8607E}.Ad-Hoc|iPhone.ActiveCfg = Release|Any CPU
		{9D44A808-19BC-4AA0-B832-A937B8E8607E}.Ad-Hoc|iPhoneSimulator.ActiveCfg = Release|Any CPU
		{9D44A808-19BC-4AA0-B832-A937B8E8607E}.Ad-Hoc|x86.ActiveCfg = Release|Any CPU
		{9D44A808-19BC-4AA0-B832-A937B8E8607E}.AppStore|Any CPU.ActiveCfg = Release|Any CPU
		{9D44A808-19BC-4AA0-B832-A937B8E8607E}.AppStore|Any CPU.Build.0 = Release|Any CPU
		{9D44A808-19BC-4AA0-B832-A937B8E8607E}.AppStore|ARM.ActiveCfg = Release|Any CPU
		{9D44A808-19BC-4AA0-B832-A937B8E8607E}.AppStore|iPhone.ActiveCfg = Release|Any CPU
		{9D44A808-19BC-4AA0-B832-A937B8E8607E}.AppStore|iPhoneSimulator.ActiveCfg = Release|Any CPU
		{9D44A808-19BC-4AA0-B832-A937B8E8607E}.AppStore|x86.ActiveCfg = Release|Any CPU
		{9D44A808-19BC-4AA0-B832-A937B8E8607E}.Debug|Any CPU.ActiveCfg = Debug|Any CPU
		{9D44A808-19BC-4AA0-B832-A937B8E8607E}.Debug|Any CPU.Build.0 = Debug|Any CPU
		{9D44A808-19BC-4AA0-B832-A937B8E8607E}.Debug|ARM.ActiveCfg = Debug|Any CPU
		{9D44A808-19BC-4AA0-B832-A937B8E8607E}.Debug|iPhone.ActiveCfg = Debug|Any CPU
		{9D44A808-19BC-4AA0-B832-A937B8E8607E}.Debug|iPhoneSimulator.ActiveCfg = Debug|Any CPU
		{9D44A808-19BC-4AA0-B832-A937B8E8607E}.Debug|x86.ActiveCfg = Debug|Any CPU
		{9D44A808-19BC-4AA0-B832-A937B8E8607E}.Release|Any CPU.ActiveCfg = Release|Any CPU
		{9D44A808-19BC-4AA0-B832-A937B8E8607E}.Release|Any CPU.Build.0 = Release|Any CPU
		{9D44A808-19BC-4AA0-B832-A937B8E8607E}.Release|ARM.ActiveCfg = Release|Any CPU
		{9D44A808-19BC-4AA0-B832-A937B8E8607E}.Release|iPhone.ActiveCfg = Release|Any CPU
		{9D44A808-19BC-4AA0-B832-A937B8E8607E}.Release|iPhoneSimulator.ActiveCfg = Release|Any CPU
		{9D44A808-19BC-4AA0-B832-A937B8E8607E}.Release|x86.ActiveCfg = Release|Any CPU
	EndGlobalSection
	GlobalSection(SolutionProperties) = preSolution
		HideSolutionNode = FALSE
	EndGlobalSection
	GlobalSection(NestedProjects) = preSolution
		{CA7DE571-2E10-4E92-9358-9905EFE4A321} = {282A96FC-EFE1-4121-8F46-BF39C13947DF}
		{2775FD4C-2B21-4B8E-BEAC-DBE0BB31517E} = {CA7DE571-2E10-4E92-9358-9905EFE4A321}
		{7F6EF1DD-20C2-4746-9B3A-7563C68A1A12} = {282A96FC-EFE1-4121-8F46-BF39C13947DF}
		{6C8CE10C-42D4-4572-A67E-74407A8A69D9} = {7F6EF1DD-20C2-4746-9B3A-7563C68A1A12}
		{577A0E0D-6ED8-46BC-AD63-6C213877CA71} = {DF3820F4-8205-41F3-B82E-DD2BB9591293}
		{121F8441-7D24-4DC7-A1E0-9D430B37B390} = {282A96FC-EFE1-4121-8F46-BF39C13947DF}
		{75F85348-7583-432F-ACF5-889CD2A9A856} = {761B9ED8-405D-4CF7-8094-C9985102416D}
		{6EB36448-C0A7-43F9-BD2E-14933B5235FE} = {761B9ED8-405D-4CF7-8094-C9985102416D}
		{9CCBA0AC-1932-4A91-96BA-D16FCEA36C3E} = {282A96FC-EFE1-4121-8F46-BF39C13947DF}
		{FB36C288-1C4A-4AD8-8F91-EE48F281517C} = {0D5D2B12-3D64-4E37-B28F-11C0B9D6F2CE}
		{CAC3FD80-4CB2-4C2E-B34B-9858376F59C1} = {0D5D2B12-3D64-4E37-B28F-11C0B9D6F2CE}
		{0E384396-55E0-497C-A8FF-2205A68536B8} = {0D5D2B12-3D64-4E37-B28F-11C0B9D6F2CE}
		{9D44A808-19BC-4AA0-B832-A937B8E8607E} = {0D5D2B12-3D64-4E37-B28F-11C0B9D6F2CE}
		{3D6D798A-E3A1-4239-9C3D-18B38936875B} = {7F6EF1DD-20C2-4746-9B3A-7563C68A1A12}
		{DF3820F4-8205-41F3-B82E-DD2BB9591293} = {282A96FC-EFE1-4121-8F46-BF39C13947DF}
	EndGlobalSection
	GlobalSection(MonoDevelopProperties) = preSolution
		StartupItem = Jingying.App.iOS\Jingying.App.iOS.csproj
	EndGlobalSection
EndGlobal
