
Microsoft Visual Studio Solution File, Format Version 12.00
# Visual Studio 2013
VisualStudioVersion = 12.0.21005.1
MinimumVisualStudioVersion = 10.0.40219.1
Project("{FAE04EC0-301F-11D3-BF4B-00C04F79EFBC}") = "Sagua.Jinson.Shopper", "Sagua.Jinson.Shopper\Sagua.Jinson.Shopper.csproj", "{2D0ACA6D-7A2A-4FB3-BB1C-2C9F81DE169F}"
EndProject
Project("{2150E333-8FDC-42A3-9474-1A3956D46DE8}") = "Shopper", "Shopper", "{83A4DB99-9CDA-469B-AC92-AF3843B6E2E6}"
EndProject
Global
	GlobalSection(SolutionConfigurationPlatforms) = preSolution
		Debug|Any CPU = Debug|Any CPU
		Release|Any CPU = Release|Any CPU
	EndGlobalSection
	GlobalSection(ProjectConfigurationPlatforms) = postSolution
		{2D0ACA6D-7A2A-4FB3-BB1C-2C9F81DE169F}.Debug|Any CPU.ActiveCfg = Debug|Any CPU
		{2D0ACA6D-7A2A-4FB3-BB1C-2C9F81DE169F}.Debug|Any CPU.Build.0 = Debug|Any CPU
		{2D0ACA6D-7A2A-4FB3-BB1C-2C9F81DE169F}.Release|Any CPU.ActiveCfg = Release|Any CPU
		{2D0ACA6D-7A2A-4FB3-BB1C-2C9F81DE169F}.Release|Any CPU.Build.0 = Release|Any CPU
	EndGlobalSection
	GlobalSection(SolutionProperties) = preSolution
		HideSolutionNode = FALSE
	EndGlobalSection
	GlobalSection(NestedProjects) = preSolution
		{2D0ACA6D-7A2A-4FB3-BB1C-2C9F81DE169F} = {83A4DB99-9CDA-469B-AC92-AF3843B6E2E6}
	EndGlobalSection
EndGlobal
